// !$*UTF8*$!
{
	archiveVersion = 1;
	classes = {
	};
	objectVersion = 77;
	objects = {

/* Begin PBXBuildFile section */
		1B5B2FA00653E24598C8FDCD /* MeetingNotifierApp.swift in Sources */ = {isa = PBXBuildFile; fileRef = 863E1D46F902305C0171E7CD /* MeetingNotifierApp.swift */; };
		2B74E69F17C19B1BD56A1A71 /* NotificationTracking.swift in Sources */ = {isa = PBXBuildFile; fileRef = C7A9725B3752DD3D40D9550B /* NotificationTracking.swift */; };
		3499D9FC4A3127DFEC48C122 /* MicrosoftOAuthManager.swift in Sources */ = {isa = PBXBuildFile; fileRef = A3369D61B617FA8A1C9783DC /* MicrosoftOAuthManager.swift */; };
		46348A2F57F37A46468CA6E2 /* AppAuth in Frameworks */ = {isa = PBXBuildFile; productRef = B71D4203DD432764F0184D4C /* AppAuth */; };
		4CA823206BA08E8C0FE3B013 /* GoogleOAuthManager.swift in Sources */ = {isa = PBXBuildFile; fileRef = A8CE3151B90368012D5C7D67 /* GoogleOAuthManager.swift */; };
		542922B088E340771E9B600C /* CalendarAccount.swift in Sources */ = {isa = PBXBuildFile; fileRef = 8BB930ABC4D15FA71DACA836 /* CalendarAccount.swift */; };
		5757E1FA5B8B1F354C6E49A6 /* CalendarEvent.swift in Sources */ = {isa = PBXBuildFile; fileRef = A212F3F7C08FDE2C041A044D /* CalendarEvent.swift */; };
		675C63DCFC4F4DA589809274 /* create_project.sh in Resources */ = {isa = PBXBuildFile; fileRef = DA7FEDDBF3BD6E0E8597EB07 /* create_project.sh */; };
		8965316C3F4841EDCDD7696E /* MicrosoftOAuthSecret.swift in Sources */ = {isa = PBXBuildFile; fileRef = 450EC6160178097C2B91113D /* MicrosoftOAuthSecret.swift */; };
		99F4FB49FB388A19F1655209 /* AppDelegate.swift in Sources */ = {isa = PBXBuildFile; fileRef = 2CCC9D82CBF7D02034E51715 /* AppDelegate.swift */; };
		C652F7D18D0798CEAD4950F7 /* KeychainManager.swift in Sources */ = {isa = PBXBuildFile; fileRef = 2601E7378274259BCD5445ED /* KeychainManager.swift */; };
		CA2876E62A69C701B6B4874F /* CalendarInfo.swift in Sources */ = {isa = PBXBuildFile; fileRef = 5610777B46B0DE424AA7D5C6 /* CalendarInfo.swift */; };
		EACF75B30F09777B54E6F7C0 /* GoogleOAuthSecret.swift in Sources */ = {isa = PBXBuildFile; fileRef = D6CC11CFB54177DAC10196B9 /* GoogleOAuthSecret.swift */; };
		EEE47FEC991F4EB2FCAB1316 /* AuthManager.swift in Sources */ = {isa = PBXBuildFile; fileRef = 7FB94CC8AF849EA0ABE3C67F /* AuthManager.swift */; };
		F2651BD8E3E8E23356BF7FAE /* AppSettings.swift in Sources */ = {isa = PBXBuildFile; fileRef = 2CA9AFE2BED7188EE32F46B6 /* AppSettings.swift */; };
/* End PBXBuildFile section */

/* Begin PBXFileReference section */
		2601E7378274259BCD5445ED /* KeychainManager.swift */ = {isa = PBXFileReference; lastKnownFileType = sourcecode.swift; path = KeychainManager.swift; sourceTree = "<group>"; };
		2CA9AFE2BED7188EE32F46B6 /* AppSettings.swift */ = {isa = PBXFileReference; lastKnownFileType = sourcecode.swift; path = AppSettings.swift; sourceTree = "<group>"; };
		2CCC9D82CBF7D02034E51715 /* AppDelegate.swift */ = {isa = PBXFileReference; lastKnownFileType = sourcecode.swift; path = AppDelegate.swift; sourceTree = "<group>"; };
		2D57E6F2929088ECE386AE64 /* MeetingNotifier.app */ = {isa = PBXFileReference; explicitFileType = wrapper.application; includeInIndex = 0; path = MeetingNotifier.app; sourceTree = BUILT_PRODUCTS_DIR; };
		450EC6160178097C2B91113D /* MicrosoftOAuthSecret.swift */ = {isa = PBXFileReference; lastKnownFileType = sourcecode.swift; path = MicrosoftOAuthSecret.swift; sourceTree = "<group>"; };
		5610777B46B0DE424AA7D5C6 /* CalendarInfo.swift */ = {isa = PBXFileReference; lastKnownFileType = sourcecode.swift; path = CalendarInfo.swift; sourceTree = "<group>"; };
		7FB94CC8AF849EA0ABE3C67F /* AuthManager.swift */ = {isa = PBXFileReference; lastKnownFileType = sourcecode.swift; path = AuthManager.swift; sourceTree = "<group>"; };
		863E1D46F902305C0171E7CD /* MeetingNotifierApp.swift */ = {isa = PBXFileReference; lastKnownFileType = sourcecode.swift; path = MeetingNotifierApp.swift; sourceTree = "<group>"; };
		8BB930ABC4D15FA71DACA836 /* CalendarAccount.swift */ = {isa = PBXFileReference; lastKnownFileType = sourcecode.swift; path = CalendarAccount.swift; sourceTree = "<group>"; };
		A212F3F7C08FDE2C041A044D /* CalendarEvent.swift */ = {isa = PBXFileReference; lastKnownFileType = sourcecode.swift; path = CalendarEvent.swift; sourceTree = "<group>"; };
		A3369D61B617FA8A1C9783DC /* MicrosoftOAuthManager.swift */ = {isa = PBXFileReference; lastKnownFileType = sourcecode.swift; path = MicrosoftOAuthManager.swift; sourceTree = "<group>"; };
		A8CE3151B90368012D5C7D67 /* GoogleOAuthManager.swift */ = {isa = PBXFileReference; lastKnownFileType = sourcecode.swift; path = GoogleOAuthManager.swift; sourceTree = "<group>"; };
		C7A9725B3752DD3D40D9550B /* NotificationTracking.swift */ = {isa = PBXFileReference; lastKnownFileType = sourcecode.swift; path = NotificationTracking.swift; sourceTree = "<group>"; };
		D0F918F2DB127BF903FF7CC1 /* Info.plist */ = {isa = PBXFileReference; lastKnownFileType = text.plist; path = Info.plist; sourceTree = "<group>"; };
		D6CC11CFB54177DAC10196B9 /* GoogleOAuthSecret.swift */ = {isa = PBXFileReference; lastKnownFileType = sourcecode.swift; path = GoogleOAuthSecret.swift; sourceTree = "<group>"; };
		DA7FEDDBF3BD6E0E8597EB07 /* create_project.sh */ = {isa = PBXFileReference; lastKnownFileType = text.script.sh; path = create_project.sh; sourceTree = "<group>"; };
/* End PBXFileReference section */

/* Begin PBXFrameworksBuildPhase section */
		7AF7E2A2C890B3AC48E53B19 /* Frameworks */ = {
			isa = PBXFrameworksBuildPhase;
			buildActionMask = 2147483647;
			files = (
				46348A2F57F37A46468CA6E2 /* AppAuth in Frameworks */,
			);
			runOnlyForDeploymentPostprocessing = 0;
		};
/* End PBXFrameworksBuildPhase section */

/* Begin PBXGroup section */
		2EBA12218727BEEA3527FA35 /* Models */ = {
			isa = PBXGroup;
			children = (
				8BB930ABC4D15FA71DACA836 /* CalendarAccount.swift */,
				A212F3F7C08FDE2C041A044D /* CalendarEvent.swift */,
				5610777B46B0DE424AA7D5C6 /* CalendarInfo.swift */,
				C7A9725B3752DD3D40D9550B /* NotificationTracking.swift */,
			);
			path = Models;
			sourceTree = "<group>";
		};
		53953CB90841EA78955E9697 /* Services */ = {
			isa = PBXGroup;
			children = (
				2CA9AFE2BED7188EE32F46B6 /* AppSettings.swift */,
				2601E7378274259BCD5445ED /* KeychainManager.swift */,
			);
			path = Services;
			sourceTree = "<group>";
		};
		6925358585C2D0D2B4849057 /* MeetingNotifier */ = {
			isa = PBXGroup;
			children = (
				2CCC9D82CBF7D02034E51715 /* AppDelegate.swift */,
				DA7FEDDBF3BD6E0E8597EB07 /* create_project.sh */,
				D0F918F2DB127BF903FF7CC1 /* Info.plist */,
				863E1D46F902305C0171E7CD /* MeetingNotifierApp.swift */,
				A7A0A6C4786EB15F9CBB454F /* Managers */,
				2EBA12218727BEEA3527FA35 /* Models */,
				53953CB90841EA78955E9697 /* Services */,
			);
			path = MeetingNotifier;
			sourceTree = "<group>";
		};
		A7A0A6C4786EB15F9CBB454F /* Managers */ = {
			isa = PBXGroup;
			children = (
				7FB94CC8AF849EA0ABE3C67F /* AuthManager.swift */,
				A8CE3151B90368012D5C7D67 /* GoogleOAuthManager.swift */,
				D6CC11CFB54177DAC10196B9 /* GoogleOAuthSecret.swift */,
				A3369D61B617FA8A1C9783DC /* MicrosoftOAuthManager.swift */,
				450EC6160178097C2B91113D /* MicrosoftOAuthSecret.swift */,
			);
			path = Managers;
			sourceTree = "<group>";
		};
		AB4A1CFFB9E514FA4B8E2CC2 = {
			isa = PBXGroup;
			children = (
				6925358585C2D0D2B4849057 /* MeetingNotifier */,
				E90D815E70074B8358D23C35 /* Products */,
			);
			sourceTree = "<group>";
		};
		E90D815E70074B8358D23C35 /* Products */ = {
			isa = PBXGroup;
			children = (
				2D57E6F2929088ECE386AE64 /* MeetingNotifier.app */,
			);
			name = Products;
			sourceTree = "<group>";
		};
/* End PBXGroup section */

/* Begin PBXNativeTarget section */
		BC2D3AB9B58F4B9C36B1381B /* MeetingNotifier */ = {
			isa = PBXNativeTarget;
			buildConfigurationList = F2AD3838AFF53434D8296DF0 /* Build configuration list for PBXNativeTarget "MeetingNotifier" */;
			buildPhases = (
				954C8ACAADD7A558B459D4B5 /* Sources */,
				5A2B6B1077C8E0F8E1F24FAF /* Resources */,
				7AF7E2A2C890B3AC48E53B19 /* Frameworks */,
			);
			buildRules = (
			);
			dependencies = (
			);
			name = MeetingNotifier;
			packageProductDependencies = (
				B71D4203DD432764F0184D4C /* AppAuth */,
			);
			productName = MeetingNotifier;
			productReference = 2D57E6F2929088ECE386AE64 /* MeetingNotifier.app */;
			productType = "com.apple.product-type.application";
		};
/* End PBXNativeTarget section */

/* Begin PBXProject section */
		17336271D4CBF7612B3F308C /* Project object */ = {
			isa = PBXProject;
			attributes = {
				BuildIndependentTargetsInParallel = YES;
				LastUpgradeCheck = 1430;
				TargetAttributes = {
					BC2D3AB9B58F4B9C36B1381B = {
						DevelopmentTeam = "";
						ProvisioningStyle = Automatic;
					};
				};
			};
			buildConfigurationList = F9766BF38D4DDEE805BCF867 /* Build configuration list for PBXProject "MeetingNotifier" */;
			compatibilityVersion = "Xcode 14.0";
			developmentRegion = en;
			hasScannedForEncodings = 0;
			knownRegions = (
				Base,
				en,
			);
			mainGroup = AB4A1CFFB9E514FA4B8E2CC2;
			minimizedProjectReferenceProxies = 1;
			packageReferences = (
				1B5ED245660DF698EB59539A /* XCRemoteSwiftPackageReference "AppAuth-iOS" */,
			);
			preferredProjectObjectVersion = 77;
			projectDirPath = "";
			projectRoot = "";
			targets = (
				BC2D3AB9B58F4B9C36B1381B /* MeetingNotifier */,
			);
		};
/* End PBXProject section */

/* Begin PBXResourcesBuildPhase section */
		5A2B6B1077C8E0F8E1F24FAF /* Resources */ = {
			isa = PBXResourcesBuildPhase;
			buildActionMask = 2147483647;
			files = (
				675C63DCFC4F4DA589809274 /* create_project.sh in Resources */,
			);
			runOnlyForDeploymentPostprocessing = 0;
		};
/* End PBXResourcesBuildPhase section */

/* Begin PBXSourcesBuildPhase section */
		954C8ACAADD7A558B459D4B5 /* Sources */ = {
			isa = PBXSourcesBuildPhase;
			buildActionMask = 2147483647;
			files = (
				99F4FB49FB388A19F1655209 /* AppDelegate.swift in Sources */,
				F2651BD8E3E8E23356BF7FAE /* AppSettings.swift in Sources */,
				EEE47FEC991F4EB2FCAB1316 /* AuthManager.swift in Sources */,
				542922B088E340771E9B600C /* CalendarAccount.swift in Sources */,
				5757E1FA5B8B1F354C6E49A6 /* CalendarEvent.swift in Sources */,
				CA2876E62A69C701B6B4874F /* CalendarInfo.swift in Sources */,
				4CA823206BA08E8C0FE3B013 /* GoogleOAuthManager.swift in Sources */,
				EACF75B30F09777B54E6F7C0 /* GoogleOAuthSecret.swift in Sources */,
				C652F7D18D0798CEAD4950F7 /* KeychainManager.swift in Sources */,
				1B5B2FA00653E24598C8FDCD /* MeetingNotifierApp.swift in Sources */,
				3499D9FC4A3127DFEC48C122 /* MicrosoftOAuthManager.swift in Sources */,
				8965316C3F4841EDCDD7696E /* MicrosoftOAuthSecret.swift in Sources */,
				2B74E69F17C19B1BD56A1A71 /* NotificationTracking.swift in Sources */,
			);
			runOnlyForDeploymentPostprocessing = 0;
		};
/* End PBXSourcesBuildPhase section */

/* Begin XCBuildConfiguration section */
		4F6630351C823A0D57077BDA /* Debug */ = {
			isa = XCBuildConfiguration;
			buildSettings = {
				ASSETCATALOG_COMPILER_APPICON_NAME = AppIcon;
				CODE_SIGN_STYLE = Automatic;
				COMBINE_HIDPI_IMAGES = YES;
				DEVELOPMENT_TEAM = "";
				ENABLE_HARDENED_RUNTIME = YES;
				INFOPLIST_FILE = MeetingNotifier/Info.plist;
				LD_RUNPATH_SEARCH_PATHS = (
					"$(inherited)",
					"@executable_path/../Frameworks",
				);
				MACOSX_DEPLOYMENT_TARGET = 14.0;
				PRODUCT_BUNDLE_IDENTIFIER = com.meetingnotifier.app;
				PRODUCT_NAME = MeetingNotifier;
				SDKROOT = macosx;
				SWIFT_VERSION = 6.0;
			};
			name = Debug;
		};
		7BB21A0465DCC9F4EDC5D3C8 /* Release */ = {
			isa = XCBuildConfiguration;
			buildSettings = {
				ALWAYS_SEARCH_USER_PATHS = NO;
				CLANG_ANALYZER_NONNULL = YES;
				CLANG_ANALYZER_NUMBER_OBJECT_CONVERSION = YES_AGGRESSIVE;
				CLANG_CXX_LANGUAGE_STANDARD = "gnu++14";
				CLANG_CXX_LIBRARY = "libc++";
				CLANG_ENABLE_MODULES = YES;
				CLANG_ENABLE_OBJC_ARC = YES;
				CLANG_ENABLE_OBJC_WEAK = YES;
				CLANG_WARN_BLOCK_CAPTURE_AUTORELEASING = YES;
				CLANG_WARN_BOOL_CONVERSION = YES;
				CLANG_WARN_COMMA = YES;
				CLANG_WARN_CONSTANT_CONVERSION = YES;
				CLANG_WARN_DEPRECATED_OBJC_IMPLEMENTATIONS = YES;
				CLANG_WARN_DIRECT_OBJC_ISA_USAGE = YES_ERROR;
				CLANG_WARN_DOCUMENTATION_COMMENTS = YES;
				CLANG_WARN_EMPTY_BODY = YES;
				CLANG_WARN_ENUM_CONVERSION = YES;
				CLANG_WARN_INFINITE_RECURSION = YES;
				CLANG_WARN_INT_CONVERSION = YES;
				CLANG_WARN_NON_LITERAL_NULL_CONVERSION = YES;
				CLANG_WARN_OBJC_IMPLICIT_RETAIN_SELF = YES;
				CLANG_WARN_OBJC_LITERAL_CONVERSION = YES;
				CLANG_WARN_OBJC_ROOT_CLASS = YES_ERROR;
				CLANG_WARN_QUOTED_INCLUDE_IN_FRAMEWORK_HEADER = YES;
				CLANG_WARN_RANGE_LOOP_ANALYSIS = YES;
				CLANG_WARN_STRICT_PROTOTYPES = YES;
				CLANG_WARN_SUSPICIOUS_MOVE = YES;
				CLANG_WARN_UNGUARDED_AVAILABILITY = YES_AGGRESSIVE;
				CLANG_WARN_UNREACHABLE_CODE = YES;
				CLANG_WARN__DUPLICATE_METHOD_MATCH = YES;
				COPY_PHASE_STRIP = NO;
				DEBUG_INFORMATION_FORMAT = "dwarf-with-dsym";
				ENABLE_NS_ASSERTIONS = NO;
				ENABLE_STRICT_OBJC_MSGSEND = YES;
				GCC_C_LANGUAGE_STANDARD = gnu11;
				GCC_NO_COMMON_BLOCKS = YES;
				GCC_WARN_64_TO_32_BIT_CONVERSION = YES;
				GCC_WARN_ABOUT_RETURN_TYPE = YES_ERROR;
				GCC_WARN_UNDECLARED_SELECTOR = YES;
				GCC_WARN_UNINITIALIZED_AUTOS = YES_AGGRESSIVE;
				GCC_WARN_UNUSED_FUNCTION = YES;
				GCC_WARN_UNUSED_VARIABLE = YES;
				MACOSX_DEPLOYMENT_TARGET = 14.0;
				MTL_ENABLE_DEBUG_INFO = NO;
				MTL_FAST_MATH = YES;
				PRODUCT_NAME = "$(TARGET_NAME)";
				SDKROOT = macosx;
				SWIFT_COMPILATION_MODE = wholemodule;
				SWIFT_OPTIMIZATION_LEVEL = "-O";
				SWIFT_VERSION = 5.0;
			};
			name = Release;
		};
		B226BBA5DD02FFB1145A86F3 /* Debug */ = {
			isa = XCBuildConfiguration;
			buildSettings = {
				ALWAYS_SEARCH_USER_PATHS = NO;
				CLANG_ANALYZER_NONNULL = YES;
				CLANG_ANALYZER_NUMBER_OBJECT_CONVERSION = YES_AGGRESSIVE;
				CLANG_CXX_LANGUAGE_STANDARD = "gnu++14";
				CLANG_CXX_LIBRARY = "libc++";
				CLANG_ENABLE_MODULES = YES;
				CLANG_ENABLE_OBJC_ARC = YES;
				CLANG_ENABLE_OBJC_WEAK = YES;
				CLANG_WARN_BLOCK_CAPTURE_AUTORELEASING = YES;
				CLANG_WARN_BOOL_CONVERSION = YES;
				CLANG_WARN_COMMA = YES;
				CLANG_WARN_CONSTANT_CONVERSION = YES;
				CLANG_WARN_DEPRECATED_OBJC_IMPLEMENTATIONS = YES;
				CLANG_WARN_DIRECT_OBJC_ISA_USAGE = YES_ERROR;
				CLANG_WARN_DOCUMENTATION_COMMENTS = YES;
				CLANG_WARN_EMPTY_BODY = YES;
				CLANG_WARN_ENUM_CONVERSION = YES;
				CLANG_WARN_INFINITE_RECURSION = YES;
				CLANG_WARN_INT_CONVERSION = YES;
				CLANG_WARN_NON_LITERAL_NULL_CONVERSION = YES;
				CLANG_WARN_OBJC_IMPLICIT_RETAIN_SELF = YES;
				CLANG_WARN_OBJC_LITERAL_CONVERSION = YES;
				CLANG_WARN_OBJC_ROOT_CLASS = YES_ERROR;
				CLANG_WARN_QUOTED_INCLUDE_IN_FRAMEWORK_HEADER = YES;
				CLANG_WARN_RANGE_LOOP_ANALYSIS = YES;
				CLANG_WARN_STRICT_PROTOTYPES = YES;
				CLANG_WARN_SUSPICIOUS_MOVE = YES;
				CLANG_WARN_UNGUARDED_AVAILABILITY = YES_AGGRESSIVE;
				CLANG_WARN_UNREACHABLE_CODE = YES;
				CLANG_WARN__DUPLICATE_METHOD_MATCH = YES;
				COPY_PHASE_STRIP = NO;
				DEBUG_INFORMATION_FORMAT = dwarf;
				ENABLE_STRICT_OBJC_MSGSEND = YES;
				ENABLE_TESTABILITY = YES;
				GCC_C_LANGUAGE_STANDARD = gnu11;
				GCC_DYNAMIC_NO_PIC = NO;
				GCC_NO_COMMON_BLOCKS = YES;
				GCC_OPTIMIZATION_LEVEL = 0;
				GCC_PREPROCESSOR_DEFINITIONS = (
					"$(inherited)",
					"DEBUG=1",
				);
				GCC_WARN_64_TO_32_BIT_CONVERSION = YES;
				GCC_WARN_ABOUT_RETURN_TYPE = YES_ERROR;
				GCC_WARN_UNDECLARED_SELECTOR = YES;
				GCC_WARN_UNINITIALIZED_AUTOS = YES_AGGRESSIVE;
				GCC_WARN_UNUSED_FUNCTION = YES;
				GCC_WARN_UNUSED_VARIABLE = YES;
				MACOSX_DEPLOYMENT_TARGET = 14.0;
				MTL_ENABLE_DEBUG_INFO = INCLUDE_SOURCE;
				MTL_FAST_MATH = YES;
				ONLY_ACTIVE_ARCH = YES;
				PRODUCT_NAME = "$(TARGET_NAME)";
				SDKROOT = macosx;
				SWIFT_ACTIVE_COMPILATION_CONDITIONS = DEBUG;
				SWIFT_OPTIMIZATION_LEVEL = "-Onone";
				SWIFT_VERSION = 5.0;
			};
			name = Debug;
		};
		F757E10BB14EF5FEFE12F6FB /* Release */ = {
			isa = XCBuildConfiguration;
			buildSettings = {
				ASSETCATALOG_COMPILER_APPICON_NAME = AppIcon;
				CODE_SIGN_STYLE = Automatic;
				COMBINE_HIDPI_IMAGES = YES;
				DEVELOPMENT_TEAM = "";
				ENABLE_HARDENED_RUNTIME = YES;
				INFOPLIST_FILE = MeetingNotifier/Info.plist;
				LD_RUNPATH_SEARCH_PATHS = (
					"$(inherited)",
					"@executable_path/../Frameworks",
				);
				MACOSX_DEPLOYMENT_TARGET = 14.0;
				PRODUCT_BUNDLE_IDENTIFIER = com.meetingnotifier.app;
				PRODUCT_NAME = MeetingNotifier;
				SDKROOT = macosx;
				SWIFT_VERSION = 6.0;
			};
			name = Release;
		};
/* End XCBuildConfiguration section */

/* Begin XCConfigurationList section */
		F2AD3838AFF53434D8296DF0 /* Build configuration list for PBXNativeTarget "MeetingNotifier" */ = {
			isa = XCConfigurationList;
			buildConfigurations = (
				4F6630351C823A0D57077BDA /* Debug */,
				F757E10BB14EF5FEFE12F6FB /* Release */,
			);
			defaultConfigurationIsVisible = 0;
			defaultConfigurationName = Debug;
		};
		F9766BF38D4DDEE805BCF867 /* Build configuration list for PBXProject "MeetingNotifier" */ = {
			isa = XCConfigurationList;
			buildConfigurations = (
				B226BBA5DD02FFB1145A86F3 /* Debug */,
				7BB21A0465DCC9F4EDC5D3C8 /* Release */,
			);
			defaultConfigurationIsVisible = 0;
			defaultConfigurationName = Debug;
		};
/* End XCConfigurationList section */

/* Begin XCRemoteSwiftPackageReference section */
		1B5ED245660DF698EB59539A /* XCRemoteSwiftPackageReference "AppAuth-iOS" */ = {
			isa = XCRemoteSwiftPackageReference;
			repositoryURL = "https://github.com/openid/AppAuth-iOS";
			requirement = {
				kind = upToNextMajorVersion;
				minimumVersion = 1.6.0;
			};
		};
/* End XCRemoteSwiftPackageReference section */

/* Begin XCSwiftPackageProductDependency section */
		B71D4203DD432764F0184D4C /* AppAuth */ = {
			isa = XCSwiftPackageProductDependency;
			package = 1B5ED245660DF698EB59539A /* XCRemoteSwiftPackageReference "AppAuth-iOS" */;
			productName = AppAuth;
		};
/* End XCSwiftPackageProductDependency section */
	};
	rootObject = 17336271D4CBF7612B3F308C /* Project object */;
}
