// !$*UTF8*$!
{
	archiveVersion = 1;
	classes = {
	};
	objectVersion = 77;
	objects = {

/* Begin PBXBuildFile section */
		02F14ED899D60656A0148DEA /* Logger.swift in Sources */ = {isa = PBXBuildFile; fileRef = C973A67D89458DD083B57122 /* Logger.swift */; };
		02F6DC3339B09E8449E37C47 /* ConfigTab+NotificationSettings.swift in Sources */ = {isa = PBXBuildFile; fileRef = 341B1A671EC393BC29A1CF65 /* ConfigTab+NotificationSettings.swift */; };
		082D83340C0CB8EC6E2BF674 /* TranscriptSegment.swift in Sources */ = {isa = PBXBuildFile; fileRef = A7C5C033BBD4E2CDC73AB8BE /* TranscriptSegment.swift */; };
		0EFC651EB43D4B9D9BB58687 /* NotificationManager.swift in Sources */ = {isa = PBXBuildFile; fileRef = 5326575BF5C8A6B7163F6C59 /* NotificationManager.swift */; };
		103D45956BAC1AEF57FB8B39 /* SpeechAnalyzerEngine.swift in Sources */ = {isa = PBXBuildFile; fileRef = 475314D25149BE27157285CB /* SpeechAnalyzerEngine.swift */; };
		1A6D051CC496406BEF85A228 /* AppIntents.framework in Frameworks */ = {isa = PBXBuildFile; fileRef = 02F09D38E7A39AE7CCFE9BEA /* AppIntents.framework */; };
		1B5B2FA00653E24598C8FDCD /* MeetingNotifierApp.swift in Sources */ = {isa = PBXBuildFile; fileRef = 863E1D46F902305C0171E7CD /* MeetingNotifierApp.swift */; };
		20BE190394370E27FCEA106E /* AudioCaptureManager.swift in Sources */ = {isa = PBXBuildFile; fileRef = 835B2D4677C3216532E4D2F8 /* AudioCaptureManager.swift */; };
		2249875E7C549815626329D1 /* TranscriptionCoordinator.swift in Sources */ = {isa = PBXBuildFile; fileRef = 2B1D2E92430A8DABBD238EFF /* TranscriptionCoordinator.swift */; };
		250BE4CE61711DF41DF4D49E /* AppDelegate+MenuBar.swift in Sources */ = {isa = PBXBuildFile; fileRef = D8EB3916F7E0ACF791240188 /* AppDelegate+MenuBar.swift */; };
		28FC0A3BB60B42E65BE0F7D0 /* GoogleCalendarManager.swift in Sources */ = {isa = PBXBuildFile; fileRef = 6E301D2D473AD68869340219 /* GoogleCalendarManager.swift */; };
		2ACA9BB27BF2E12477834B46 /* PeekWindowPanel.swift in Sources */ = {isa = PBXBuildFile; fileRef = 9DF3BBBC2E1AE14477753DE3 /* PeekWindowPanel.swift */; };
		2B12A43BDB157FD1310672A6 /* SettingsEnums.swift in Sources */ = {isa = PBXBuildFile; fileRef = CE765DC8FD99B9AB97192D5A /* SettingsEnums.swift */; };
		2B74E69F17C19B1BD56A1A71 /* NotificationTracking.swift in Sources */ = {isa = PBXBuildFile; fileRef = C7A9725B3752DD3D40D9550B /* NotificationTracking.swift */; };
		2D69727FEEEBE21425C8F304 /* CalendarManagerSupport.swift in Sources */ = {isa = PBXBuildFile; fileRef = 5801A08817F1347CC789B461 /* CalendarManagerSupport.swift */; };
		3495480168727F822E8D0144 /* LocationManager.swift in Sources */ = {isa = PBXBuildFile; fileRef = 9AED2E8EFE8470709B6C7175 /* LocationManager.swift */; };
		3499D9FC4A3127DFEC48C122 /* MicrosoftOAuthManager.swift in Sources */ = {isa = PBXBuildFile; fileRef = A3369D61B617FA8A1C9783DC /* MicrosoftOAuthManager.swift */; };
		36F54450635365BF67EE7D82 /* NotificationNames.swift in Sources */ = {isa = PBXBuildFile; fileRef = 7B07734D803FB1B95DE2CFDF /* NotificationNames.swift */; };
		3B2A830A62DD2B1B4CB0C19E /* TranscriptFormatter.swift in Sources */ = {isa = PBXBuildFile; fileRef = 39D9DA8E82CA17B9EA4C10CA /* TranscriptFormatter.swift */; };
		3CFF191707A6873AB78AE022 /* DeepgramEngine.swift in Sources */ = {isa = PBXBuildFile; fileRef = 031FA91B65CED41BF7F11170 /* DeepgramEngine.swift */; };
		4006EB83C168C88E291A3C9A /* AccountsTab.swift in Sources */ = {isa = PBXBuildFile; fileRef = AB280D116A6BA40C66783C9C /* AccountsTab.swift */; };
		42BE51C983A54FFB9EE5B869 /* CalendarsTab.swift in Sources */ = {isa = PBXBuildFile; fileRef = 0E3FFD5D42715A0F4F02280D /* CalendarsTab.swift */; };
		46348A2F57F37A46468CA6E2 /* AppAuth in Frameworks */ = {isa = PBXBuildFile; productRef = B71D4203DD432764F0184D4C /* AppAuth */; };
		4CA823206BA08E8C0FE3B013 /* GoogleOAuthManager.swift in Sources */ = {isa = PBXBuildFile; fileRef = A8CE3151B90368012D5C7D67 /* GoogleOAuthManager.swift */; };
		4E027F7BE07174D5330B0076 /* TranscriptionTestFactories.swift in Sources */ = {isa = PBXBuildFile; fileRef = C08DDB8764DEF553131ADA26 /* TranscriptionTestFactories.swift */; };
		53E84594F280DD291C776CBC /* TranscriptionEngineProtocol.swift in Sources */ = {isa = PBXBuildFile; fileRef = 252500A71F0AFBFAFFED45BC /* TranscriptionEngineProtocol.swift */; };
		542922B088E340771E9B600C /* CalendarAccount.swift in Sources */ = {isa = PBXBuildFile; fileRef = 8BB930ABC4D15FA71DACA836 /* CalendarAccount.swift */; };
		561F9559987BADA7A0F6AF07 /* AppDelegate+UITesting.swift in Sources */ = {isa = PBXBuildFile; fileRef = 96B347F6F258BB22D15183BA /* AppDelegate+UITesting.swift */; };
		5757E1FA5B8B1F354C6E49A6 /* CalendarEvent.swift in Sources */ = {isa = PBXBuildFile; fileRef = A212F3F7C08FDE2C041A044D /* CalendarEvent.swift */; };
		57FA94E02269D74BFEC4C1A7 /* AppIcon.icns.backup in Resources */ = {isa = PBXBuildFile; fileRef = 2E146653DF0DD594CF9E45CD /* AppIcon.icns.backup */; };
		5B6D5CFFB796A64797529723 /* TranscriptDocumentTests.swift in Sources */ = {isa = PBXBuildFile; fileRef = 1612900B2D43945D64CCB667 /* TranscriptDocumentTests.swift */; };
		5C62125D8187ECF9CA6B3A5D /* CalendarDropdownView.swift in Sources */ = {isa = PBXBuildFile; fileRef = 43BCEFE8B5DD90C724D70AA9 /* CalendarDropdownView.swift */; };
		66D1ACB8A3249A96477A99C1 /* long-chimes.aiff in Resources */ = {isa = PBXBuildFile; fileRef = 017F77775495E428F019E6DA /* long-chimes.aiff */; };
		67438B5598F66418775E2BBA /* README.md in Resources */ = {isa = PBXBuildFile; fileRef = 1112CFED9032AB54B3A4ED09 /* README.md */; };
		675C63DCFC4F4DA589809274 /* create_project.sh in Resources */ = {isa = PBXBuildFile; fileRef = DA7FEDDBF3BD6E0E8597EB07 /* create_project.sh */; };
		6808E878684E0769EE9B6A54 /* TranscriptionBannerPanel.swift in Sources */ = {isa = PBXBuildFile; fileRef = FA33B92040C92A34F2AEEBF2 /* TranscriptionBannerPanel.swift */; };
		6A958A23C98E0684C3F9EE51 /* KeyboardShortcutManager.swift in Sources */ = {isa = PBXBuildFile; fileRef = C59855C9FC086F41F1C199A1 /* KeyboardShortcutManager.swift */; };
		6B7C9788421A8600C21B8C5F /* NotetakerEnums.swift in Sources */ = {isa = PBXBuildFile; fileRef = 1D9C3C893129A7573A00289F /* NotetakerEnums.swift */; };
		6D70A5DAB8F76EE7FE9D45BC /* CoffeeView.swift in Sources */ = {isa = PBXBuildFile; fileRef = EFDF439A2AFA0B53E3DB79DC /* CoffeeView.swift */; };
		6F73FCB1C2762C848CB55756 /* NotetakerTab+SpeakerSettings.swift in Sources */ = {isa = PBXBuildFile; fileRef = 442A40B51599FEB8E49DF002 /* NotetakerTab+SpeakerSettings.swift */; };
		7073ACC50C6F18B1E3318E5B /* ConfigTab.swift in Sources */ = {isa = PBXBuildFile; fileRef = 776D3E787DE246BB9E182B1C /* ConfigTab.swift */; };
		7CAEFDCE34D0A7957E63CB27 /* TranscriptFormatterTests.swift in Sources */ = {isa = PBXBuildFile; fileRef = 95A42B25C0C37FC78CC5E356 /* TranscriptFormatterTests.swift */; };
		7FD1D181A84D8014D6FA11CA /* CalendarDropdownView+GlassStyle.swift in Sources */ = {isa = PBXBuildFile; fileRef = B90053A7280F61AD8DC3BBCB /* CalendarDropdownView+GlassStyle.swift */; };
		86790DD7AFCCBA0167BC48A9 /* CalendarDropdownView+SimpleStyle.swift in Sources */ = {isa = PBXBuildFile; fileRef = 18E121CEE1ACDD121DA545E8 /* CalendarDropdownView+SimpleStyle.swift */; };
		86F7FA495C0DB4F5C3EFC4C5 /* NotetakerTab+EngineSettings.swift in Sources */ = {isa = PBXBuildFile; fileRef = E736828757267728686E3B69 /* NotetakerTab+EngineSettings.swift */; };
		88AEBDFD4A0ECC98684340DF /* TranscriptSegmentTests.swift in Sources */ = {isa = PBXBuildFile; fileRef = C3816F76B19E8A2B9066233D /* TranscriptSegmentTests.swift */; };
		8965316C3F4841EDCDD7696E /* MicrosoftOAuthSecret.swift in Sources */ = {isa = PBXBuildFile; fileRef = 450EC6160178097C2B91113D /* MicrosoftOAuthSecret.swift */; };
		8C4857E641290D4F4980ED75 /* EmptyStateView.swift in Sources */ = {isa = PBXBuildFile; fileRef = D4799E009A8C6897F7BDD4CC /* EmptyStateView.swift */; };
		8DA3B8D291ACC90059784E7F /* WisprEngine.swift in Sources */ = {isa = PBXBuildFile; fileRef = E8B29DDB763CCF0F1A656EC4 /* WisprEngine.swift */; };
		93182DF2F99E2A72FDE4DF9F /* ConfigTab+GeneralSettings.swift in Sources */ = {isa = PBXBuildFile; fileRef = 859CD0ED1386A62B59F776A4 /* ConfigTab+GeneralSettings.swift */; };
		942219547EBCDEA6669A1558 /* NotetakerTab.swift in Sources */ = {isa = PBXBuildFile; fileRef = A4C50E30A14C395E39A2EBAB /* NotetakerTab.swift */; };
		99F4FB49FB388A19F1655209 /* AppDelegate.swift in Sources */ = {isa = PBXBuildFile; fileRef = 2CCC9D82CBF7D02034E51715 /* AppDelegate.swift */; };
		9C46766CA94368E5A1704D96 /* MeetingDetector.swift in Sources */ = {isa = PBXBuildFile; fileRef = 7B7A930C8E20FF89C64623CB /* MeetingDetector.swift */; };
		9F96EF11748E6B80B46EE989 /* TranscriptionError.swift in Sources */ = {isa = PBXBuildFile; fileRef = 9D562369ADABD9CD00155B49 /* TranscriptionError.swift */; };
		A1C431A93B365F47D57EFFEF /* SimpleMeetingRowView.swift in Sources */ = {isa = PBXBuildFile; fileRef = 4C0CAAE3FF93C89405EA889B /* SimpleMeetingRowView.swift */; };
		A243DDD94D49FA5439144A4F /* microsoft.png in Resources */ = {isa = PBXBuildFile; fileRef = AD899C544CCC4FBF71F6F194 /* microsoft.png */; };
		A287C100DA705EA2A6D3140F /* AppDelegate+TranscriptionBanner.swift in Sources */ = {isa = PBXBuildFile; fileRef = 8EEA25C0C4F06DE3159FE615 /* AppDelegate+TranscriptionBanner.swift */; };
		A4F08C706C6731554F907AA4 /* google.png in Resources */ = {isa = PBXBuildFile; fileRef = A4D9826C6DC9F4AFD0F08816 /* google.png */; };
		A50CC64E33A45541CCB067AD /* MicrosoftOAuthSecret.swift.template in Resources */ = {isa = PBXBuildFile; fileRef = CCABAFE7E2E2ED047BAA676C /* MicrosoftOAuthSecret.swift.template */; };
		AA1111111111111111111111 /* SystemAudioCapturer.swift in Sources */ = {isa = PBXBuildFile; fileRef = AA2222222222222222222222 /* SystemAudioCapturer.swift */; };
		AA3333333333333333333333 /* SystemAudioCapturerTests.swift in Sources */ = {isa = PBXBuildFile; fileRef = AA4444444444444444444444 /* SystemAudioCapturerTests.swift */; };
		AB467029041473760473FFAD /* NotetakerTab+OutputSettings.swift in Sources */ = {isa = PBXBuildFile; fileRef = 001570B4ACE123EB1763A40A /* NotetakerTab+OutputSettings.swift */; };
		AD7530A7C0415650ECC26600 /* teams.png in Resources */ = {isa = PBXBuildFile; fileRef = 8FC3285303293546DEEAB083 /* teams.png */; };
		B8EDE83CF410B38B60BA5AF1 /* PeekWindowView.swift in Sources */ = {isa = PBXBuildFile; fileRef = FD1ADEAC2590B3EC21020B5D /* PeekWindowView.swift */; };
		B9D847116D3FB1EA6F98F8B7 /* Assets.xcassets in Resources */ = {isa = PBXBuildFile; fileRef = D98ACE98E45FA72E99A12B0F /* Assets.xcassets */; };
		BA077D439370F752C04A8452 /* CalendarDataManager.swift in Sources */ = {isa = PBXBuildFile; fileRef = DF916CB5D1C8F583CB7B575A /* CalendarDataManager.swift */; };
		BA1C660C4D2D9683135644DD /* meet.png in Resources */ = {isa = PBXBuildFile; fileRef = 97C2E63AB365F5F779088F39 /* meet.png */; };
		BB6666666666666666666666 /* AudioWaveformView.swift in Sources */ = {isa = PBXBuildFile; fileRef = BB5555555555555555555555 /* AudioWaveformView.swift */; };
		BB8888888888888888888888 /* SubfolderResolver.swift in Sources */ = {isa = PBXBuildFile; fileRef = BB7777777777777777777777 /* SubfolderResolver.swift */; };
		BBAAAAAAAAAAAAAAAAAAAAAA /* SubfolderResolverTests.swift in Sources */ = {isa = PBXBuildFile; fileRef = BB9999999999999999999999 /* SubfolderResolverTests.swift */; };
		BBCCCCCCCCCCCCCCCCCCCCCC /* AudioCaptureManagerTests.swift in Sources */ = {isa = PBXBuildFile; fileRef = BBBBBBBBBBBBBBBBBBBBBBBB /* AudioCaptureManagerTests.swift */; };
		BC3958B5FA42C5C4394CC461 /* AppDelegate+Menu.swift in Sources */ = {isa = PBXBuildFile; fileRef = E3263D0433A3BE51231DAF1A /* AppDelegate+Menu.swift */; };
		C0CA12AD7072230A134FD191 /* TranscriptionBannerView.swift in Sources */ = {isa = PBXBuildFile; fileRef = C48882D55F93727928526061 /* TranscriptionBannerView.swift */; };
		C450E0A0B426E063217B1306 /* zoom.png in Resources */ = {isa = PBXBuildFile; fileRef = 13BF0360CDF7986C60D9CF2C /* zoom.png */; };
		C652F7D18D0798CEAD4950F7 /* KeychainManager.swift in Sources */ = {isa = PBXBuildFile; fileRef = 2601E7378274259BCD5445ED /* KeychainManager.swift */; };
		C66151F3605148105C010D47 /* GoogleOAuthSecret.swift.template in Resources */ = {isa = PBXBuildFile; fileRef = 4205A3237438BB1159863C7A /* GoogleOAuthSecret.swift.template */; };
		CA2876E62A69C701B6B4874F /* CalendarInfo.swift in Sources */ = {isa = PBXBuildFile; fileRef = 5610777B46B0DE424AA7D5C6 /* CalendarInfo.swift */; };
		CE1D6E81AD45A0276B4F379C /* AppSettings+iCloudSync.swift in Sources */ = {isa = PBXBuildFile; fileRef = CCEBDBD4FCAD97582B2702C2 /* AppSettings+iCloudSync.swift */; };
		DC773191C1AAF60779CA53BE /* ConfigTab+MenuBarSettings.swift in Sources */ = {isa = PBXBuildFile; fileRef = 1FB899E3E3417B2EF89F8582 /* ConfigTab+MenuBarSettings.swift */; };
		DF244A80DBAAF0C4F17C2948 /* short-chimes.aiff in Resources */ = {isa = PBXBuildFile; fileRef = 24C5FF4652CF585ADD15D6A2 /* short-chimes.aiff */; };
		E064F3159172854639D8B309 /* URLOpener.swift in Sources */ = {isa = PBXBuildFile; fileRef = C59C3716DAD76D88D869537A /* URLOpener.swift */; };
		E464B575DB34414455AEE949 /* OpenAISummarizer.swift in Sources */ = {isa = PBXBuildFile; fileRef = A33CE2B45992191E993DBE13 /* OpenAISummarizer.swift */; };
		E5DF351A4562D05A2D080B1D /* SettingsView.swift in Sources */ = {isa = PBXBuildFile; fileRef = 528350AB38541C048479C7F8 /* SettingsView.swift */; };
		EA3C7DAA6D329327B662A2C8 /* MeetingLinkParser.swift in Sources */ = {isa = PBXBuildFile; fileRef = C8EE58D1E1ABD7E19E32CF79 /* MeetingLinkParser.swift */; };
		EACF75B30F09777B54E6F7C0 /* GoogleOAuthSecret.swift in Sources */ = {isa = PBXBuildFile; fileRef = D6CC11CFB54177DAC10196B9 /* GoogleOAuthSecret.swift */; };
		EEE47FEC991F4EB2FCAB1316 /* AuthManager.swift in Sources */ = {isa = PBXBuildFile; fileRef = 7FB94CC8AF849EA0ABE3C67F /* AuthManager.swift */; };
		F2574EE8EBD71A3BF09F5E4E /* AppDelegate+PeekWindow.swift in Sources */ = {isa = PBXBuildFile; fileRef = 1A07EBED89754C9EBBFBE7DE /* AppDelegate+PeekWindow.swift */; };
		F2651BD8E3E8E23356BF7FAE /* AppSettings.swift in Sources */ = {isa = PBXBuildFile; fileRef = 2CA9AFE2BED7188EE32F46B6 /* AppSettings.swift */; };
		F36CC532F0F7352936E7ADBB /* MeetingRowView.swift in Sources */ = {isa = PBXBuildFile; fileRef = 4CF8BE44552F1A7DB440227F /* MeetingRowView.swift */; };
		F3E7562B45866CE45B03CF99 /* TranscriptDocument.swift in Sources */ = {isa = PBXBuildFile; fileRef = 7C437ED23247C4CFAEF2ED28 /* TranscriptDocument.swift */; };
		F79D179861F84FEDB8602D18 /* NotificationsTab.swift in Sources */ = {isa = PBXBuildFile; fileRef = DAF827963E378A79042A96F8 /* NotificationsTab.swift */; };
		F83226D88676031885A6C796 /* StoreKitManager.swift in Sources */ = {isa = PBXBuildFile; fileRef = EDE86981C5EB71FA2CEF65F7 /* StoreKitManager.swift */; };
		FB3DC9BA85247D28FC65624B /* MicrosoftCalendarManager.swift in Sources */ = {isa = PBXBuildFile; fileRef = 68D727670FEA4120BE81D4B4 /* MicrosoftCalendarManager.swift */; };
		FBA901730AB289EF928329C1 /* LocationCardView.swift in Sources */ = {isa = PBXBuildFile; fileRef = 18E1BB08DA02D9C5A752D2F2 /* LocationCardView.swift */; };
/* End PBXBuildFile section */

/* Begin PBXContainerItemProxy section */
		8EC37395B6CDEE49F6EDA89F /* PBXContainerItemProxy */ = {
			isa = PBXContainerItemProxy;
			containerPortal = 17336271D4CBF7612B3F308C /* Project object */;
			proxyType = 1;
			remoteGlobalIDString = BC2D3AB9B58F4B9C36B1381B;
			remoteInfo = MeetingNotifier;
		};
		8F1720E82F6D3F480017FC16 /* PBXContainerItemProxy */ = {
			isa = PBXContainerItemProxy;
			containerPortal = 17336271D4CBF7612B3F308C /* Project object */;
			proxyType = 1;
			remoteGlobalIDString = BC2D3AB9B58F4B9C36B1381B;
			remoteInfo = MeetingNotifier;
		};
/* End PBXContainerItemProxy section */

/* Begin PBXFileReference section */
		001570B4ACE123EB1763A40A /* NotetakerTab+OutputSettings.swift */ = {isa = PBXFileReference; lastKnownFileType = sourcecode.swift; path = "NotetakerTab+OutputSettings.swift"; sourceTree = "<group>"; };
		017F77775495E428F019E6DA /* long-chimes.aiff */ = {isa = PBXFileReference; lastKnownFileType = audio.aiff; path = "long-chimes.aiff"; sourceTree = "<group>"; };
		02F09D38E7A39AE7CCFE9BEA /* AppIntents.framework */ = {isa = PBXFileReference; lastKnownFileType = wrapper.framework; name = AppIntents.framework; path = System/Library/Frameworks/AppIntents.framework; sourceTree = SDKROOT; };
		031FA91B65CED41BF7F11170 /* DeepgramEngine.swift */ = {isa = PBXFileReference; lastKnownFileType = sourcecode.swift; path = DeepgramEngine.swift; sourceTree = "<group>"; };
		0E3FFD5D42715A0F4F02280D /* CalendarsTab.swift */ = {isa = PBXFileReference; lastKnownFileType = sourcecode.swift; path = CalendarsTab.swift; sourceTree = "<group>"; };
		1112CFED9032AB54B3A4ED09 /* README.md */ = {isa = PBXFileReference; lastKnownFileType = net.daringfireball.markdown; path = README.md; sourceTree = "<group>"; };
		13BF0360CDF7986C60D9CF2C /* zoom.png */ = {isa = PBXFileReference; lastKnownFileType = image.png; path = zoom.png; sourceTree = "<group>"; };
		1612900B2D43945D64CCB667 /* TranscriptDocumentTests.swift */ = {isa = PBXFileReference; lastKnownFileType = sourcecode.swift; path = TranscriptDocumentTests.swift; sourceTree = "<group>"; };
		18E121CEE1ACDD121DA545E8 /* CalendarDropdownView+SimpleStyle.swift */ = {isa = PBXFileReference; lastKnownFileType = sourcecode.swift; path = "CalendarDropdownView+SimpleStyle.swift"; sourceTree = "<group>"; };
		18E1BB08DA02D9C5A752D2F2 /* LocationCardView.swift */ = {isa = PBXFileReference; lastKnownFileType = sourcecode.swift; path = LocationCardView.swift; sourceTree = "<group>"; };
		1A07EBED89754C9EBBFBE7DE /* AppDelegate+PeekWindow.swift */ = {isa = PBXFileReference; lastKnownFileType = sourcecode.swift; path = "AppDelegate+PeekWindow.swift"; sourceTree = "<group>"; };
		1D9C3C893129A7573A00289F /* NotetakerEnums.swift */ = {isa = PBXFileReference; lastKnownFileType = sourcecode.swift; path = NotetakerEnums.swift; sourceTree = "<group>"; };
		1FB899E3E3417B2EF89F8582 /* ConfigTab+MenuBarSettings.swift */ = {isa = PBXFileReference; lastKnownFileType = sourcecode.swift; path = "ConfigTab+MenuBarSettings.swift"; sourceTree = "<group>"; };
		24C5FF4652CF585ADD15D6A2 /* short-chimes.aiff */ = {isa = PBXFileReference; lastKnownFileType = audio.aiff; path = "short-chimes.aiff"; sourceTree = "<group>"; };
		252500A71F0AFBFAFFED45BC /* TranscriptionEngineProtocol.swift */ = {isa = PBXFileReference; lastKnownFileType = sourcecode.swift; path = TranscriptionEngineProtocol.swift; sourceTree = "<group>"; };
		2601E7378274259BCD5445ED /* KeychainManager.swift */ = {isa = PBXFileReference; lastKnownFileType = sourcecode.swift; path = KeychainManager.swift; sourceTree = "<group>"; };
		2B1D2E92430A8DABBD238EFF /* TranscriptionCoordinator.swift */ = {isa = PBXFileReference; lastKnownFileType = sourcecode.swift; path = TranscriptionCoordinator.swift; sourceTree = "<group>"; };
		2CA9AFE2BED7188EE32F46B6 /* AppSettings.swift */ = {isa = PBXFileReference; lastKnownFileType = sourcecode.swift; path = AppSettings.swift; sourceTree = "<group>"; };
		2CCC9D82CBF7D02034E51715 /* AppDelegate.swift */ = {isa = PBXFileReference; lastKnownFileType = sourcecode.swift; path = AppDelegate.swift; sourceTree = "<group>"; };
		2D57E6F2929088ECE386AE64 /* MeetingNotifier.app */ = {isa = PBXFileReference; explicitFileType = wrapper.application; includeInIndex = 0; path = MeetingNotifier.app; sourceTree = BUILT_PRODUCTS_DIR; };
		2E146653DF0DD594CF9E45CD /* AppIcon.icns.backup */ = {isa = PBXFileReference; lastKnownFileType = file; path = AppIcon.icns.backup; sourceTree = "<group>"; };
		341B1A671EC393BC29A1CF65 /* ConfigTab+NotificationSettings.swift */ = {isa = PBXFileReference; lastKnownFileType = sourcecode.swift; path = "ConfigTab+NotificationSettings.swift"; sourceTree = "<group>"; };
		39D9DA8E82CA17B9EA4C10CA /* TranscriptFormatter.swift */ = {isa = PBXFileReference; lastKnownFileType = sourcecode.swift; path = TranscriptFormatter.swift; sourceTree = "<group>"; };
		4205A3237438BB1159863C7A /* GoogleOAuthSecret.swift.template */ = {isa = PBXFileReference; lastKnownFileType = text; path = GoogleOAuthSecret.swift.template; sourceTree = "<group>"; };
		43BCEFE8B5DD90C724D70AA9 /* CalendarDropdownView.swift */ = {isa = PBXFileReference; lastKnownFileType = sourcecode.swift; path = CalendarDropdownView.swift; sourceTree = "<group>"; };
		442A40B51599FEB8E49DF002 /* NotetakerTab+SpeakerSettings.swift */ = {isa = PBXFileReference; lastKnownFileType = sourcecode.swift; path = "NotetakerTab+SpeakerSettings.swift"; sourceTree = "<group>"; };
		450EC6160178097C2B91113D /* MicrosoftOAuthSecret.swift */ = {isa = PBXFileReference; lastKnownFileType = sourcecode.swift; path = MicrosoftOAuthSecret.swift; sourceTree = "<group>"; };
		475314D25149BE27157285CB /* SpeechAnalyzerEngine.swift */ = {isa = PBXFileReference; lastKnownFileType = sourcecode.swift; path = SpeechAnalyzerEngine.swift; sourceTree = "<group>"; };
		4C0CAAE3FF93C89405EA889B /* SimpleMeetingRowView.swift */ = {isa = PBXFileReference; lastKnownFileType = sourcecode.swift; path = SimpleMeetingRowView.swift; sourceTree = "<group>"; };
		4CF8BE44552F1A7DB440227F /* MeetingRowView.swift */ = {isa = PBXFileReference; lastKnownFileType = sourcecode.swift; path = MeetingRowView.swift; sourceTree = "<group>"; };
		528350AB38541C048479C7F8 /* SettingsView.swift */ = {isa = PBXFileReference; lastKnownFileType = sourcecode.swift; path = SettingsView.swift; sourceTree = "<group>"; };
		5326575BF5C8A6B7163F6C59 /* NotificationManager.swift */ = {isa = PBXFileReference; lastKnownFileType = sourcecode.swift; path = NotificationManager.swift; sourceTree = "<group>"; };
		5610777B46B0DE424AA7D5C6 /* CalendarInfo.swift */ = {isa = PBXFileReference; lastKnownFileType = sourcecode.swift; path = CalendarInfo.swift; sourceTree = "<group>"; };
		5801A08817F1347CC789B461 /* CalendarManagerSupport.swift */ = {isa = PBXFileReference; lastKnownFileType = sourcecode.swift; path = CalendarManagerSupport.swift; sourceTree = "<group>"; };
		6204D43D0ECFAC0F7EAC7C14 /* MeetingNotifierTests.xctest */ = {isa = PBXFileReference; explicitFileType = wrapper.cfbundle; includeInIndex = 0; path = MeetingNotifierTests.xctest; sourceTree = BUILT_PRODUCTS_DIR; };
		68D727670FEA4120BE81D4B4 /* MicrosoftCalendarManager.swift */ = {isa = PBXFileReference; lastKnownFileType = sourcecode.swift; path = MicrosoftCalendarManager.swift; sourceTree = "<group>"; };
		6E301D2D473AD68869340219 /* GoogleCalendarManager.swift */ = {isa = PBXFileReference; lastKnownFileType = sourcecode.swift; path = GoogleCalendarManager.swift; sourceTree = "<group>"; };
		776D3E787DE246BB9E182B1C /* ConfigTab.swift */ = {isa = PBXFileReference; lastKnownFileType = sourcecode.swift; path = ConfigTab.swift; sourceTree = "<group>"; };
		7B07734D803FB1B95DE2CFDF /* NotificationNames.swift */ = {isa = PBXFileReference; lastKnownFileType = sourcecode.swift; path = NotificationNames.swift; sourceTree = "<group>"; };
		7B7A930C8E20FF89C64623CB /* MeetingDetector.swift */ = {isa = PBXFileReference; lastKnownFileType = sourcecode.swift; path = MeetingDetector.swift; sourceTree = "<group>"; };
		7C437ED23247C4CFAEF2ED28 /* TranscriptDocument.swift */ = {isa = PBXFileReference; lastKnownFileType = sourcecode.swift; path = TranscriptDocument.swift; sourceTree = "<group>"; };
		7FB94CC8AF849EA0ABE3C67F /* AuthManager.swift */ = {isa = PBXFileReference; lastKnownFileType = sourcecode.swift; path = AuthManager.swift; sourceTree = "<group>"; };
		835B2D4677C3216532E4D2F8 /* AudioCaptureManager.swift */ = {isa = PBXFileReference; lastKnownFileType = sourcecode.swift; path = AudioCaptureManager.swift; sourceTree = "<group>"; };
		859CD0ED1386A62B59F776A4 /* ConfigTab+GeneralSettings.swift */ = {isa = PBXFileReference; lastKnownFileType = sourcecode.swift; path = "ConfigTab+GeneralSettings.swift"; sourceTree = "<group>"; };
		863E1D46F902305C0171E7CD /* MeetingNotifierApp.swift */ = {isa = PBXFileReference; lastKnownFileType = sourcecode.swift; path = MeetingNotifierApp.swift; sourceTree = "<group>"; };
		8BB930ABC4D15FA71DACA836 /* CalendarAccount.swift */ = {isa = PBXFileReference; lastKnownFileType = sourcecode.swift; path = CalendarAccount.swift; sourceTree = "<group>"; };
		8EEA25C0C4F06DE3159FE615 /* AppDelegate+TranscriptionBanner.swift */ = {isa = PBXFileReference; lastKnownFileType = sourcecode.swift; path = "AppDelegate+TranscriptionBanner.swift"; sourceTree = "<group>"; };
		8F1720E22F6D3F480017FC16 /* MeetingNotifierUITests.xctest */ = {isa = PBXFileReference; explicitFileType = wrapper.cfbundle; includeInIndex = 0; path = MeetingNotifierUITests.xctest; sourceTree = BUILT_PRODUCTS_DIR; };
		8FC3285303293546DEEAB083 /* teams.png */ = {isa = PBXFileReference; lastKnownFileType = image.png; path = teams.png; sourceTree = "<group>"; };
		95A42B25C0C37FC78CC5E356 /* TranscriptFormatterTests.swift */ = {isa = PBXFileReference; lastKnownFileType = sourcecode.swift; path = TranscriptFormatterTests.swift; sourceTree = "<group>"; };
		96B347F6F258BB22D15183BA /* AppDelegate+UITesting.swift */ = {isa = PBXFileReference; lastKnownFileType = sourcecode.swift; path = "AppDelegate+UITesting.swift"; sourceTree = "<group>"; };
		97C2E63AB365F5F779088F39 /* meet.png */ = {isa = PBXFileReference; lastKnownFileType = image.png; path = meet.png; sourceTree = "<group>"; };
		986AEA099C45F7F1035D855A /* MeetingNotifier.entitlements */ = {isa = PBXFileReference; lastKnownFileType = text.plist.entitlements; path = MeetingNotifier.entitlements; sourceTree = "<group>"; };
		9AED2E8EFE8470709B6C7175 /* LocationManager.swift */ = {isa = PBXFileReference; lastKnownFileType = sourcecode.swift; path = LocationManager.swift; sourceTree = "<group>"; };
		9D562369ADABD9CD00155B49 /* TranscriptionError.swift */ = {isa = PBXFileReference; lastKnownFileType = sourcecode.swift; path = TranscriptionError.swift; sourceTree = "<group>"; };
		9DF3BBBC2E1AE14477753DE3 /* PeekWindowPanel.swift */ = {isa = PBXFileReference; lastKnownFileType = sourcecode.swift; path = PeekWindowPanel.swift; sourceTree = "<group>"; };
		A212F3F7C08FDE2C041A044D /* CalendarEvent.swift */ = {isa = PBXFileReference; lastKnownFileType = sourcecode.swift; path = CalendarEvent.swift; sourceTree = "<group>"; };
		A3369D61B617FA8A1C9783DC /* MicrosoftOAuthManager.swift */ = {isa = PBXFileReference; lastKnownFileType = sourcecode.swift; path = MicrosoftOAuthManager.swift; sourceTree = "<group>"; };
		A33CE2B45992191E993DBE13 /* OpenAISummarizer.swift */ = {isa = PBXFileReference; lastKnownFileType = sourcecode.swift; path = OpenAISummarizer.swift; sourceTree = "<group>"; };
		A4C50E30A14C395E39A2EBAB /* NotetakerTab.swift */ = {isa = PBXFileReference; lastKnownFileType = sourcecode.swift; path = NotetakerTab.swift; sourceTree = "<group>"; };
		A4D9826C6DC9F4AFD0F08816 /* google.png */ = {isa = PBXFileReference; lastKnownFileType = image.png; path = google.png; sourceTree = "<group>"; };
		A7C5C033BBD4E2CDC73AB8BE /* TranscriptSegment.swift */ = {isa = PBXFileReference; lastKnownFileType = sourcecode.swift; path = TranscriptSegment.swift; sourceTree = "<group>"; };
		A8CE3151B90368012D5C7D67 /* GoogleOAuthManager.swift */ = {isa = PBXFileReference; lastKnownFileType = sourcecode.swift; path = GoogleOAuthManager.swift; sourceTree = "<group>"; };
		AA2222222222222222222222 /* SystemAudioCapturer.swift */ = {isa = PBXFileReference; lastKnownFileType = sourcecode.swift; path = SystemAudioCapturer.swift; sourceTree = "<group>"; };
		AA4444444444444444444444 /* SystemAudioCapturerTests.swift */ = {isa = PBXFileReference; lastKnownFileType = sourcecode.swift; path = SystemAudioCapturerTests.swift; sourceTree = "<group>"; };
		AB280D116A6BA40C66783C9C /* AccountsTab.swift */ = {isa = PBXFileReference; lastKnownFileType = sourcecode.swift; path = AccountsTab.swift; sourceTree = "<group>"; };
		AD899C544CCC4FBF71F6F194 /* microsoft.png */ = {isa = PBXFileReference; lastKnownFileType = image.png; path = microsoft.png; sourceTree = "<group>"; };
		B90053A7280F61AD8DC3BBCB /* CalendarDropdownView+GlassStyle.swift */ = {isa = PBXFileReference; lastKnownFileType = sourcecode.swift; path = "CalendarDropdownView+GlassStyle.swift"; sourceTree = "<group>"; };
		BB5555555555555555555555 /* AudioWaveformView.swift */ = {isa = PBXFileReference; lastKnownFileType = sourcecode.swift; path = AudioWaveformView.swift; sourceTree = "<group>"; };
		BB7777777777777777777777 /* SubfolderResolver.swift */ = {isa = PBXFileReference; lastKnownFileType = sourcecode.swift; path = SubfolderResolver.swift; sourceTree = "<group>"; };
		BB9999999999999999999999 /* SubfolderResolverTests.swift */ = {isa = PBXFileReference; lastKnownFileType = sourcecode.swift; path = SubfolderResolverTests.swift; sourceTree = "<group>"; };
		BBBBBBBBBBBBBBBBBBBBBBBB /* AudioCaptureManagerTests.swift */ = {isa = PBXFileReference; lastKnownFileType = sourcecode.swift; path = AudioCaptureManagerTests.swift; sourceTree = "<group>"; };
		C08DDB8764DEF553131ADA26 /* TranscriptionTestFactories.swift */ = {isa = PBXFileReference; lastKnownFileType = sourcecode.swift; path = TranscriptionTestFactories.swift; sourceTree = "<group>"; };
		C3816F76B19E8A2B9066233D /* TranscriptSegmentTests.swift */ = {isa = PBXFileReference; lastKnownFileType = sourcecode.swift; path = TranscriptSegmentTests.swift; sourceTree = "<group>"; };
		C48882D55F93727928526061 /* TranscriptionBannerView.swift */ = {isa = PBXFileReference; lastKnownFileType = sourcecode.swift; path = TranscriptionBannerView.swift; sourceTree = "<group>"; };
		C59855C9FC086F41F1C199A1 /* KeyboardShortcutManager.swift */ = {isa = PBXFileReference; lastKnownFileType = sourcecode.swift; path = KeyboardShortcutManager.swift; sourceTree = "<group>"; };
		C59C3716DAD76D88D869537A /* URLOpener.swift */ = {isa = PBXFileReference; lastKnownFileType = sourcecode.swift; path = URLOpener.swift; sourceTree = "<group>"; };
		C7A9725B3752DD3D40D9550B /* NotificationTracking.swift */ = {isa = PBXFileReference; lastKnownFileType = sourcecode.swift; path = NotificationTracking.swift; sourceTree = "<group>"; };
		C8EE58D1E1ABD7E19E32CF79 /* MeetingLinkParser.swift */ = {isa = PBXFileReference; lastKnownFileType = sourcecode.swift; path = MeetingLinkParser.swift; sourceTree = "<group>"; };
		C973A67D89458DD083B57122 /* Logger.swift */ = {isa = PBXFileReference; lastKnownFileType = sourcecode.swift; path = Logger.swift; sourceTree = "<group>"; };
		CCABAFE7E2E2ED047BAA676C /* MicrosoftOAuthSecret.swift.template */ = {isa = PBXFileReference; lastKnownFileType = text; path = MicrosoftOAuthSecret.swift.template; sourceTree = "<group>"; };
		CCEBDBD4FCAD97582B2702C2 /* AppSettings+iCloudSync.swift */ = {isa = PBXFileReference; lastKnownFileType = sourcecode.swift; path = "AppSettings+iCloudSync.swift"; sourceTree = "<group>"; };
		CE765DC8FD99B9AB97192D5A /* SettingsEnums.swift */ = {isa = PBXFileReference; lastKnownFileType = sourcecode.swift; path = SettingsEnums.swift; sourceTree = "<group>"; };
		D0F918F2DB127BF903FF7CC1 /* Info.plist */ = {isa = PBXFileReference; lastKnownFileType = text.plist; path = Info.plist; sourceTree = "<group>"; };
		D4799E009A8C6897F7BDD4CC /* EmptyStateView.swift */ = {isa = PBXFileReference; lastKnownFileType = sourcecode.swift; path = EmptyStateView.swift; sourceTree = "<group>"; };
		D6CC11CFB54177DAC10196B9 /* GoogleOAuthSecret.swift */ = {isa = PBXFileReference; lastKnownFileType = sourcecode.swift; path = GoogleOAuthSecret.swift; sourceTree = "<group>"; };
		D8EB3916F7E0ACF791240188 /* AppDelegate+MenuBar.swift */ = {isa = PBXFileReference; lastKnownFileType = sourcecode.swift; path = "AppDelegate+MenuBar.swift"; sourceTree = "<group>"; };
		D98ACE98E45FA72E99A12B0F /* Assets.xcassets */ = {isa = PBXFileReference; lastKnownFileType = folder.assetcatalog; path = Assets.xcassets; sourceTree = "<group>"; };
		DA7FEDDBF3BD6E0E8597EB07 /* create_project.sh */ = {isa = PBXFileReference; lastKnownFileType = text.script.sh; path = create_project.sh; sourceTree = "<group>"; };
		DAF827963E378A79042A96F8 /* NotificationsTab.swift */ = {isa = PBXFileReference; lastKnownFileType = sourcecode.swift; path = NotificationsTab.swift; sourceTree = "<group>"; };
		DF916CB5D1C8F583CB7B575A /* CalendarDataManager.swift */ = {isa = PBXFileReference; lastKnownFileType = sourcecode.swift; path = CalendarDataManager.swift; sourceTree = "<group>"; };
		E3263D0433A3BE51231DAF1A /* AppDelegate+Menu.swift */ = {isa = PBXFileReference; lastKnownFileType = sourcecode.swift; path = "AppDelegate+Menu.swift"; sourceTree = "<group>"; };
		E736828757267728686E3B69 /* NotetakerTab+EngineSettings.swift */ = {isa = PBXFileReference; lastKnownFileType = sourcecode.swift; path = "NotetakerTab+EngineSettings.swift"; sourceTree = "<group>"; };
		E8B29DDB763CCF0F1A656EC4 /* WisprEngine.swift */ = {isa = PBXFileReference; lastKnownFileType = sourcecode.swift; path = WisprEngine.swift; sourceTree = "<group>"; };
		EDE86981C5EB71FA2CEF65F7 /* StoreKitManager.swift */ = {isa = PBXFileReference; lastKnownFileType = sourcecode.swift; path = StoreKitManager.swift; sourceTree = "<group>"; };
		EFDF439A2AFA0B53E3DB79DC /* CoffeeView.swift */ = {isa = PBXFileReference; lastKnownFileType = sourcecode.swift; path = CoffeeView.swift; sourceTree = "<group>"; };
		FA33B92040C92A34F2AEEBF2 /* TranscriptionBannerPanel.swift */ = {isa = PBXFileReference; lastKnownFileType = sourcecode.swift; path = TranscriptionBannerPanel.swift; sourceTree = "<group>"; };
		FD1ADEAC2590B3EC21020B5D /* PeekWindowView.swift */ = {isa = PBXFileReference; lastKnownFileType = sourcecode.swift; path = PeekWindowView.swift; sourceTree = "<group>"; };
/* End PBXFileReference section */

/* Begin PBXFileSystemSynchronizedRootGroup section */
		8F1720E32F6D3F480017FC16 /* MeetingNotifierUITests */ = {
			isa = PBXFileSystemSynchronizedRootGroup;
			path = MeetingNotifierUITests;
			sourceTree = "<group>";
		};
/* End PBXFileSystemSynchronizedRootGroup section */

/* Begin PBXFrameworksBuildPhase section */
		7AF7E2A2C890B3AC48E53B19 /* Frameworks */ = {
			isa = PBXFrameworksBuildPhase;
			buildActionMask = 2147483647;
			files = (
				46348A2F57F37A46468CA6E2 /* AppAuth in Frameworks */,
				1A6D051CC496406BEF85A228 /* AppIntents.framework in Frameworks */,
			);
			runOnlyForDeploymentPostprocessing = 0;
		};
		8F1720DF2F6D3F480017FC16 /* Frameworks */ = {
			isa = PBXFrameworksBuildPhase;
			buildActionMask = 2147483647;
			files = (
			);
			runOnlyForDeploymentPostprocessing = 0;
		};
/* End PBXFrameworksBuildPhase section */

/* Begin PBXGroup section */
		10E78DAA9EEEDC24F788FEED /* Frameworks */ = {
			isa = PBXGroup;
			children = (
				02F09D38E7A39AE7CCFE9BEA /* AppIntents.framework */,
			);
			name = Frameworks;
			sourceTree = "<group>";
		};
		2EBA12218727BEEA3527FA35 /* Models */ = {
			isa = PBXGroup;
			children = (
				8BB930ABC4D15FA71DACA836 /* CalendarAccount.swift */,
				A212F3F7C08FDE2C041A044D /* CalendarEvent.swift */,
				5610777B46B0DE424AA7D5C6 /* CalendarInfo.swift */,
				1D9C3C893129A7573A00289F /* NotetakerEnums.swift */,
				7B07734D803FB1B95DE2CFDF /* NotificationNames.swift */,
				C7A9725B3752DD3D40D9550B /* NotificationTracking.swift */,
				CE765DC8FD99B9AB97192D5A /* SettingsEnums.swift */,
				7C437ED23247C4CFAEF2ED28 /* TranscriptDocument.swift */,
				A7C5C033BBD4E2CDC73AB8BE /* TranscriptSegment.swift */,
			);
			path = Models;
			sourceTree = "<group>";
		};
		53953CB90841EA78955E9697 /* Services */ = {
			isa = PBXGroup;
			children = (
				2CA9AFE2BED7188EE32F46B6 /* AppSettings.swift */,
				CCEBDBD4FCAD97582B2702C2 /* AppSettings+iCloudSync.swift */,
				5801A08817F1347CC789B461 /* CalendarManagerSupport.swift */,
				2601E7378274259BCD5445ED /* KeychainManager.swift */,
				C973A67D89458DD083B57122 /* Logger.swift */,
				C8EE58D1E1ABD7E19E32CF79 /* MeetingLinkParser.swift */,
				A33CE2B45992191E993DBE13 /* OpenAISummarizer.swift */,
				EDE86981C5EB71FA2CEF65F7 /* StoreKitManager.swift */,
				BB7777777777777777777777 /* SubfolderResolver.swift */,
				39D9DA8E82CA17B9EA4C10CA /* TranscriptFormatter.swift */,
				C59C3716DAD76D88D869537A /* URLOpener.swift */,
			);
			path = Services;
			sourceTree = "<group>";
		};
		6925358585C2D0D2B4849057 /* MeetingNotifier */ = {
			isa = PBXGroup;
			children = (
				2CCC9D82CBF7D02034E51715 /* AppDelegate.swift */,
				E3263D0433A3BE51231DAF1A /* AppDelegate+Menu.swift */,
				D8EB3916F7E0ACF791240188 /* AppDelegate+MenuBar.swift */,
				1A07EBED89754C9EBBFBE7DE /* AppDelegate+PeekWindow.swift */,
				8EEA25C0C4F06DE3159FE615 /* AppDelegate+TranscriptionBanner.swift */,
				96B347F6F258BB22D15183BA /* AppDelegate+UITesting.swift */,
				D98ACE98E45FA72E99A12B0F /* Assets.xcassets */,
				DA7FEDDBF3BD6E0E8597EB07 /* create_project.sh */,
				D0F918F2DB127BF903FF7CC1 /* Info.plist */,
				986AEA099C45F7F1035D855A /* MeetingNotifier.entitlements */,
				863E1D46F902305C0171E7CD /* MeetingNotifierApp.swift */,
				A7A0A6C4786EB15F9CBB454F /* Managers */,
				2EBA12218727BEEA3527FA35 /* Models */,
				E3F3209F47A9369E4CC8A726 /* Resources */,
				53953CB90841EA78955E9697 /* Services */,
				6AA01A3B136C3843E79EDFD4 /* Transcription */,
				C1A276E96094917A85D664C6 /* Views */,
			);
			path = MeetingNotifier;
			sourceTree = "<group>";
		};
		6AA01A3B136C3843E79EDFD4 /* Transcription */ = {
			isa = PBXGroup;
			children = (
				031FA91B65CED41BF7F11170 /* DeepgramEngine.swift */,
				475314D25149BE27157285CB /* SpeechAnalyzerEngine.swift */,
				252500A71F0AFBFAFFED45BC /* TranscriptionEngineProtocol.swift */,
				9D562369ADABD9CD00155B49 /* TranscriptionError.swift */,
				E8B29DDB763CCF0F1A656EC4 /* WisprEngine.swift */,
			);
			path = Transcription;
			sourceTree = "<group>";
		};
		A7A0A6C4786EB15F9CBB454F /* Managers */ = {
			isa = PBXGroup;
			children = (
				835B2D4677C3216532E4D2F8 /* AudioCaptureManager.swift */,
				7FB94CC8AF849EA0ABE3C67F /* AuthManager.swift */,
				DF916CB5D1C8F583CB7B575A /* CalendarDataManager.swift */,
				6E301D2D473AD68869340219 /* GoogleCalendarManager.swift */,
				A8CE3151B90368012D5C7D67 /* GoogleOAuthManager.swift */,
				D6CC11CFB54177DAC10196B9 /* GoogleOAuthSecret.swift */,
				4205A3237438BB1159863C7A /* GoogleOAuthSecret.swift.template */,
				C59855C9FC086F41F1C199A1 /* KeyboardShortcutManager.swift */,
				9AED2E8EFE8470709B6C7175 /* LocationManager.swift */,
				7B7A930C8E20FF89C64623CB /* MeetingDetector.swift */,
				68D727670FEA4120BE81D4B4 /* MicrosoftCalendarManager.swift */,
				A3369D61B617FA8A1C9783DC /* MicrosoftOAuthManager.swift */,
				450EC6160178097C2B91113D /* MicrosoftOAuthSecret.swift */,
				CCABAFE7E2E2ED047BAA676C /* MicrosoftOAuthSecret.swift.template */,
				5326575BF5C8A6B7163F6C59 /* NotificationManager.swift */,
				AA2222222222222222222222 /* SystemAudioCapturer.swift */,
				2B1D2E92430A8DABBD238EFF /* TranscriptionCoordinator.swift */,
			);
			path = Managers;
			sourceTree = "<group>";
		};
		A7E2491AB64A3A97E7850751 /* TestHelpers */ = {
			isa = PBXGroup;
			children = (
				C08DDB8764DEF553131ADA26 /* TranscriptionTestFactories.swift */,
			);
			path = TestHelpers;
			sourceTree = "<group>";
		};
		AB4A1CFFB9E514FA4B8E2CC2 = {
			isa = PBXGroup;
			children = (
				6925358585C2D0D2B4849057 /* MeetingNotifier */,
				E0CA8BF2DD6F4B12EF8C4D8A /* MeetingNotifierTests */,
				8F1720E32F6D3F480017FC16 /* MeetingNotifierUITests */,
				10E78DAA9EEEDC24F788FEED /* Frameworks */,
				E90D815E70074B8358D23C35 /* Products */,
			);
			sourceTree = "<group>";
		};
		C1A276E96094917A85D664C6 /* Views */ = {
			isa = PBXGroup;
			children = (
				AB280D116A6BA40C66783C9C /* AccountsTab.swift */,
				BB5555555555555555555555 /* AudioWaveformView.swift */,
				43BCEFE8B5DD90C724D70AA9 /* CalendarDropdownView.swift */,
				B90053A7280F61AD8DC3BBCB /* CalendarDropdownView+GlassStyle.swift */,
				18E121CEE1ACDD121DA545E8 /* CalendarDropdownView+SimpleStyle.swift */,
				0E3FFD5D42715A0F4F02280D /* CalendarsTab.swift */,
				EFDF439A2AFA0B53E3DB79DC /* CoffeeView.swift */,
				776D3E787DE246BB9E182B1C /* ConfigTab.swift */,
				859CD0ED1386A62B59F776A4 /* ConfigTab+GeneralSettings.swift */,
				1FB899E3E3417B2EF89F8582 /* ConfigTab+MenuBarSettings.swift */,
				341B1A671EC393BC29A1CF65 /* ConfigTab+NotificationSettings.swift */,
				D4799E009A8C6897F7BDD4CC /* EmptyStateView.swift */,
				18E1BB08DA02D9C5A752D2F2 /* LocationCardView.swift */,
				4CF8BE44552F1A7DB440227F /* MeetingRowView.swift */,
				A4C50E30A14C395E39A2EBAB /* NotetakerTab.swift */,
				E736828757267728686E3B69 /* NotetakerTab+EngineSettings.swift */,
				001570B4ACE123EB1763A40A /* NotetakerTab+OutputSettings.swift */,
				442A40B51599FEB8E49DF002 /* NotetakerTab+SpeakerSettings.swift */,
				DAF827963E378A79042A96F8 /* NotificationsTab.swift */,
				9DF3BBBC2E1AE14477753DE3 /* PeekWindowPanel.swift */,
				FD1ADEAC2590B3EC21020B5D /* PeekWindowView.swift */,
				528350AB38541C048479C7F8 /* SettingsView.swift */,
				4C0CAAE3FF93C89405EA889B /* SimpleMeetingRowView.swift */,
				FA33B92040C92A34F2AEEBF2 /* TranscriptionBannerPanel.swift */,
				C48882D55F93727928526061 /* TranscriptionBannerView.swift */,
			);
			path = Views;
			sourceTree = "<group>";
		};
		E0CA8BF2DD6F4B12EF8C4D8A /* MeetingNotifierTests */ = {
			isa = PBXGroup;
			children = (
				BBBBBBBBBBBBBBBBBBBBBBBB /* AudioCaptureManagerTests.swift */,
				BB9999999999999999999999 /* SubfolderResolverTests.swift */,
				AA4444444444444444444444 /* SystemAudioCapturerTests.swift */,
				1612900B2D43945D64CCB667 /* TranscriptDocumentTests.swift */,
				95A42B25C0C37FC78CC5E356 /* TranscriptFormatterTests.swift */,
				C3816F76B19E8A2B9066233D /* TranscriptSegmentTests.swift */,
				A7E2491AB64A3A97E7850751 /* TestHelpers */,
			);
			path = MeetingNotifierTests;
			sourceTree = "<group>";
		};
		E3F3209F47A9369E4CC8A726 /* Resources */ = {
			isa = PBXGroup;
			children = (
				2E146653DF0DD594CF9E45CD /* AppIcon.icns.backup */,
				A4D9826C6DC9F4AFD0F08816 /* google.png */,
				017F77775495E428F019E6DA /* long-chimes.aiff */,
				97C2E63AB365F5F779088F39 /* meet.png */,
				AD899C544CCC4FBF71F6F194 /* microsoft.png */,
				1112CFED9032AB54B3A4ED09 /* README.md */,
				24C5FF4652CF585ADD15D6A2 /* short-chimes.aiff */,
				8FC3285303293546DEEAB083 /* teams.png */,
				13BF0360CDF7986C60D9CF2C /* zoom.png */,
			);
			path = Resources;
			sourceTree = "<group>";
		};
		E90D815E70074B8358D23C35 /* Products */ = {
			isa = PBXGroup;
			children = (
				2D57E6F2929088ECE386AE64 /* MeetingNotifier.app */,
				6204D43D0ECFAC0F7EAC7C14 /* MeetingNotifierTests.xctest */,
				8F1720E22F6D3F480017FC16 /* MeetingNotifierUITests.xctest */,
			);
			name = Products;
			sourceTree = "<group>";
		};
/* End PBXGroup section */

/* Begin PBXNativeTarget section */
		0226E4AA3BA0300C1AEE0EB6 /* MeetingNotifierTests */ = {
			isa = PBXNativeTarget;
			buildConfigurationList = A7DDA197286FD77096837545 /* Build configuration list for PBXNativeTarget "MeetingNotifierTests" */;
			buildPhases = (
				919F2D9B7701DC5EFD5F7A9B /* Sources */,
			);
			buildRules = (
			);
			dependencies = (
				8E8D4503FF7EC71FC845D2D2 /* PBXTargetDependency */,
			);
			name = MeetingNotifierTests;
			packageProductDependencies = (
			);
			productName = MeetingNotifierTests;
			productReference = 6204D43D0ECFAC0F7EAC7C14 /* MeetingNotifierTests.xctest */;
			productType = "com.apple.product-type.bundle.unit-test";
		};
		8F1720E12F6D3F480017FC16 /* MeetingNotifierUITests */ = {
			isa = PBXNativeTarget;
			buildConfigurationList = 8F1720EC2F6D3F480017FC16 /* Build configuration list for PBXNativeTarget "MeetingNotifierUITests" */;
			buildPhases = (
				8F1720DE2F6D3F480017FC16 /* Sources */,
				8F1720DF2F6D3F480017FC16 /* Frameworks */,
				8F1720E02F6D3F480017FC16 /* Resources */,
			);
			buildRules = (
			);
			dependencies = (
				8F1720E92F6D3F480017FC16 /* PBXTargetDependency */,
			);
			fileSystemSynchronizedGroups = (
				8F1720E32F6D3F480017FC16 /* MeetingNotifierUITests */,
			);
			name = MeetingNotifierUITests;
			packageProductDependencies = (
			);
			productName = MeetingNotifierUITests;
			productReference = 8F1720E22F6D3F480017FC16 /* MeetingNotifierUITests.xctest */;
			productType = "com.apple.product-type.bundle.ui-testing";
		};
		BC2D3AB9B58F4B9C36B1381B /* MeetingNotifier */ = {
			isa = PBXNativeTarget;
			buildConfigurationList = F2AD3838AFF53434D8296DF0 /* Build configuration list for PBXNativeTarget "MeetingNotifier" */;
			buildPhases = (
				954C8ACAADD7A558B459D4B5 /* Sources */,
				5A2B6B1077C8E0F8E1F24FAF /* Resources */,
				7AF7E2A2C890B3AC48E53B19 /* Frameworks */,
			);
			buildRules = (
			);
			dependencies = (
			);
			name = MeetingNotifier;
			packageProductDependencies = (
				B71D4203DD432764F0184D4C /* AppAuth */,
			);
			productName = MeetingNotifier;
			productReference = 2D57E6F2929088ECE386AE64 /* MeetingNotifier.app */;
			productType = "com.apple.product-type.application";
		};
/* End PBXNativeTarget section */

/* Begin PBXProject section */
		17336271D4CBF7612B3F308C /* Project object */ = {
			isa = PBXProject;
			attributes = {
				BuildIndependentTargetsInParallel = YES;
				LastSwiftUpdateCheck = 2630;
				LastUpgradeCheck = 1430;
				TargetAttributes = {
					0226E4AA3BA0300C1AEE0EB6 = {
						DevelopmentTeam = 955GSY56UT;
						ProvisioningStyle = Automatic;
					};
					8F1720E12F6D3F480017FC16 = {
						CreatedOnToolsVersion = 26.3;
						TestTargetID = BC2D3AB9B58F4B9C36B1381B;
					};
					BC2D3AB9B58F4B9C36B1381B = {
						DevelopmentTeam = 955GSY56UT;
						ProvisioningStyle = Automatic;
					};
				};
			};
			buildConfigurationList = F9766BF38D4DDEE805BCF867 /* Build configuration list for PBXProject "MeetingNotifier" */;
			developmentRegion = en;
			hasScannedForEncodings = 0;
			knownRegions = (
				Base,
				en,
			);
			mainGroup = AB4A1CFFB9E514FA4B8E2CC2;
			minimizedProjectReferenceProxies = 1;
			packageReferences = (
				1B5ED245660DF698EB59539A /* XCRemoteSwiftPackageReference "AppAuth-iOS" */,
			);
			preferredProjectObjectVersion = 77;
			productRefGroup = E90D815E70074B8358D23C35 /* Products */;
			projectDirPath = "";
			projectRoot = "";
			targets = (
				BC2D3AB9B58F4B9C36B1381B /* MeetingNotifier */,
				0226E4AA3BA0300C1AEE0EB6 /* MeetingNotifierTests */,
				8F1720E12F6D3F480017FC16 /* MeetingNotifierUITests */,
			);
		};
/* End PBXProject section */

/* Begin PBXResourcesBuildPhase section */
		5A2B6B1077C8E0F8E1F24FAF /* Resources */ = {
			isa = PBXResourcesBuildPhase;
			buildActionMask = 2147483647;
			files = (
				57FA94E02269D74BFEC4C1A7 /* AppIcon.icns.backup in Resources */,
				B9D847116D3FB1EA6F98F8B7 /* Assets.xcassets in Resources */,
				C66151F3605148105C010D47 /* GoogleOAuthSecret.swift.template in Resources */,
				A50CC64E33A45541CCB067AD /* MicrosoftOAuthSecret.swift.template in Resources */,
				67438B5598F66418775E2BBA /* README.md in Resources */,
				675C63DCFC4F4DA589809274 /* create_project.sh in Resources */,
				A4F08C706C6731554F907AA4 /* google.png in Resources */,
				66D1ACB8A3249A96477A99C1 /* long-chimes.aiff in Resources */,
				BA1C660C4D2D9683135644DD /* meet.png in Resources */,
				A243DDD94D49FA5439144A4F /* microsoft.png in Resources */,
				DF244A80DBAAF0C4F17C2948 /* short-chimes.aiff in Resources */,
				AD7530A7C0415650ECC26600 /* teams.png in Resources */,
				C450E0A0B426E063217B1306 /* zoom.png in Resources */,
			);
			runOnlyForDeploymentPostprocessing = 0;
		};
		8F1720E02F6D3F480017FC16 /* Resources */ = {
			isa = PBXResourcesBuildPhase;
			buildActionMask = 2147483647;
			files = (
			);
			runOnlyForDeploymentPostprocessing = 0;
		};
/* End PBXResourcesBuildPhase section */

/* Begin PBXSourcesBuildPhase section */
		8F1720DE2F6D3F480017FC16 /* Sources */ = {
			isa = PBXSourcesBuildPhase;
			buildActionMask = 2147483647;
			files = (
			);
			runOnlyForDeploymentPostprocessing = 0;
		};
		919F2D9B7701DC5EFD5F7A9B /* Sources */ = {
			isa = PBXSourcesBuildPhase;
			buildActionMask = 2147483647;
			files = (
				BBCCCCCCCCCCCCCCCCCCCCCC /* AudioCaptureManagerTests.swift in Sources */,
				BBAAAAAAAAAAAAAAAAAAAAAA /* SubfolderResolverTests.swift in Sources */,
				AA3333333333333333333333 /* SystemAudioCapturerTests.swift in Sources */,
				5B6D5CFFB796A64797529723 /* TranscriptDocumentTests.swift in Sources */,
				7CAEFDCE34D0A7957E63CB27 /* TranscriptFormatterTests.swift in Sources */,
				88AEBDFD4A0ECC98684340DF /* TranscriptSegmentTests.swift in Sources */,
				4E027F7BE07174D5330B0076 /* TranscriptionTestFactories.swift in Sources */,
			);
			runOnlyForDeploymentPostprocessing = 0;
		};
		954C8ACAADD7A558B459D4B5 /* Sources */ = {
			isa = PBXSourcesBuildPhase;
			buildActionMask = 2147483647;
			files = (
				4006EB83C168C88E291A3C9A /* AccountsTab.swift in Sources */,
				BC3958B5FA42C5C4394CC461 /* AppDelegate+Menu.swift in Sources */,
				250BE4CE61711DF41DF4D49E /* AppDelegate+MenuBar.swift in Sources */,
				F2574EE8EBD71A3BF09F5E4E /* AppDelegate+PeekWindow.swift in Sources */,
				A287C100DA705EA2A6D3140F /* AppDelegate+TranscriptionBanner.swift in Sources */,
				561F9559987BADA7A0F6AF07 /* AppDelegate+UITesting.swift in Sources */,
				99F4FB49FB388A19F1655209 /* AppDelegate.swift in Sources */,
				CE1D6E81AD45A0276B4F379C /* AppSettings+iCloudSync.swift in Sources */,
				F2651BD8E3E8E23356BF7FAE /* AppSettings.swift in Sources */,
				20BE190394370E27FCEA106E /* AudioCaptureManager.swift in Sources */,
				BB6666666666666666666666 /* AudioWaveformView.swift in Sources */,
				EEE47FEC991F4EB2FCAB1316 /* AuthManager.swift in Sources */,
				542922B088E340771E9B600C /* CalendarAccount.swift in Sources */,
				BA077D439370F752C04A8452 /* CalendarDataManager.swift in Sources */,
				7FD1D181A84D8014D6FA11CA /* CalendarDropdownView+GlassStyle.swift in Sources */,
				86790DD7AFCCBA0167BC48A9 /* CalendarDropdownView+SimpleStyle.swift in Sources */,
				5C62125D8187ECF9CA6B3A5D /* CalendarDropdownView.swift in Sources */,
				5757E1FA5B8B1F354C6E49A6 /* CalendarEvent.swift in Sources */,
				CA2876E62A69C701B6B4874F /* CalendarInfo.swift in Sources */,
				2D69727FEEEBE21425C8F304 /* CalendarManagerSupport.swift in Sources */,
				42BE51C983A54FFB9EE5B869 /* CalendarsTab.swift in Sources */,
				6D70A5DAB8F76EE7FE9D45BC /* CoffeeView.swift in Sources */,
				93182DF2F99E2A72FDE4DF9F /* ConfigTab+GeneralSettings.swift in Sources */,
				DC773191C1AAF60779CA53BE /* ConfigTab+MenuBarSettings.swift in Sources */,
				02F6DC3339B09E8449E37C47 /* ConfigTab+NotificationSettings.swift in Sources */,
				7073ACC50C6F18B1E3318E5B /* ConfigTab.swift in Sources */,
				3CFF191707A6873AB78AE022 /* DeepgramEngine.swift in Sources */,
				8C4857E641290D4F4980ED75 /* EmptyStateView.swift in Sources */,
				28FC0A3BB60B42E65BE0F7D0 /* GoogleCalendarManager.swift in Sources */,
				4CA823206BA08E8C0FE3B013 /* GoogleOAuthManager.swift in Sources */,
				EACF75B30F09777B54E6F7C0 /* GoogleOAuthSecret.swift in Sources */,
				6A958A23C98E0684C3F9EE51 /* KeyboardShortcutManager.swift in Sources */,
				C652F7D18D0798CEAD4950F7 /* KeychainManager.swift in Sources */,
				FBA901730AB289EF928329C1 /* LocationCardView.swift in Sources */,
				3495480168727F822E8D0144 /* LocationManager.swift in Sources */,
				02F14ED899D60656A0148DEA /* Logger.swift in Sources */,
				9C46766CA94368E5A1704D96 /* MeetingDetector.swift in Sources */,
				EA3C7DAA6D329327B662A2C8 /* MeetingLinkParser.swift in Sources */,
				1B5B2FA00653E24598C8FDCD /* MeetingNotifierApp.swift in Sources */,
				F36CC532F0F7352936E7ADBB /* MeetingRowView.swift in Sources */,
				FB3DC9BA85247D28FC65624B /* MicrosoftCalendarManager.swift in Sources */,
				3499D9FC4A3127DFEC48C122 /* MicrosoftOAuthManager.swift in Sources */,
				8965316C3F4841EDCDD7696E /* MicrosoftOAuthSecret.swift in Sources */,
				6B7C9788421A8600C21B8C5F /* NotetakerEnums.swift in Sources */,
				86F7FA495C0DB4F5C3EFC4C5 /* NotetakerTab+EngineSettings.swift in Sources */,
				AB467029041473760473FFAD /* NotetakerTab+OutputSettings.swift in Sources */,
				6F73FCB1C2762C848CB55756 /* NotetakerTab+SpeakerSettings.swift in Sources */,
				942219547EBCDEA6669A1558 /* NotetakerTab.swift in Sources */,
				0EFC651EB43D4B9D9BB58687 /* NotificationManager.swift in Sources */,
				36F54450635365BF67EE7D82 /* NotificationNames.swift in Sources */,
				2B74E69F17C19B1BD56A1A71 /* NotificationTracking.swift in Sources */,
				F79D179861F84FEDB8602D18 /* NotificationsTab.swift in Sources */,
				E464B575DB34414455AEE949 /* OpenAISummarizer.swift in Sources */,
				2ACA9BB27BF2E12477834B46 /* PeekWindowPanel.swift in Sources */,
				B8EDE83CF410B38B60BA5AF1 /* PeekWindowView.swift in Sources */,
				2B12A43BDB157FD1310672A6 /* SettingsEnums.swift in Sources */,
				E5DF351A4562D05A2D080B1D /* SettingsView.swift in Sources */,
				A1C431A93B365F47D57EFFEF /* SimpleMeetingRowView.swift in Sources */,
				103D45956BAC1AEF57FB8B39 /* SpeechAnalyzerEngine.swift in Sources */,
				F83226D88676031885A6C796 /* StoreKitManager.swift in Sources */,
				BB8888888888888888888888 /* SubfolderResolver.swift in Sources */,
				AA1111111111111111111111 /* SystemAudioCapturer.swift in Sources */,
				F3E7562B45866CE45B03CF99 /* TranscriptDocument.swift in Sources */,
				3B2A830A62DD2B1B4CB0C19E /* TranscriptFormatter.swift in Sources */,
				082D83340C0CB8EC6E2BF674 /* TranscriptSegment.swift in Sources */,
				6808E878684E0769EE9B6A54 /* TranscriptionBannerPanel.swift in Sources */,
				C0CA12AD7072230A134FD191 /* TranscriptionBannerView.swift in Sources */,
				2249875E7C549815626329D1 /* TranscriptionCoordinator.swift in Sources */,
				53E84594F280DD291C776CBC /* TranscriptionEngineProtocol.swift in Sources */,
				9F96EF11748E6B80B46EE989 /* TranscriptionError.swift in Sources */,
				E064F3159172854639D8B309 /* URLOpener.swift in Sources */,
				8DA3B8D291ACC90059784E7F /* WisprEngine.swift in Sources */,
			);
			runOnlyForDeploymentPostprocessing = 0;
		};
/* End PBXSourcesBuildPhase section */

/* Begin PBXTargetDependency section */
		8E8D4503FF7EC71FC845D2D2 /* PBXTargetDependency */ = {
			isa = PBXTargetDependency;
			target = BC2D3AB9B58F4B9C36B1381B /* MeetingNotifier */;
			targetProxy = 8EC37395B6CDEE49F6EDA89F /* PBXContainerItemProxy */;
		};
		8F1720E92F6D3F480017FC16 /* PBXTargetDependency */ = {
			isa = PBXTargetDependency;
			target = BC2D3AB9B58F4B9C36B1381B /* MeetingNotifier */;
			targetProxy = 8F1720E82F6D3F480017FC16 /* PBXContainerItemProxy */;
		};
/* End PBXTargetDependency section */

/* Begin XCBuildConfiguration section */
		4F6630351C823A0D57077BDA /* Debug */ = {
			isa = XCBuildConfiguration;
			buildSettings = {
				ASSETCATALOG_COMPILER_APPICON_NAME = AppIcon;
				CODE_SIGN_ALLOW_ENTITLEMENTS_MODIFICATION = YES;
				CODE_SIGN_ENTITLEMENTS = MeetingNotifier/MeetingNotifier.entitlements;
				CODE_SIGN_STYLE = Automatic;
				COMBINE_HIDPI_IMAGES = YES;
				DEVELOPMENT_TEAM = 955GSY56UT;
				ENABLE_APP_INTENTS_METADATA_GENERATION = NO;
				ENABLE_HARDENED_RUNTIME = YES;
				INFOPLIST_FILE = MeetingNotifier/Info.plist;
				LD_RUNPATH_SEARCH_PATHS = (
					"$(inherited)",
					"@executable_path/../Frameworks",
				);
				MACOSX_DEPLOYMENT_TARGET = 26.0;
				OTHER_SWIFT_FLAGS = "-Xfrontend -disable-dynamic-actor-isolation";
				PRODUCT_BUNDLE_IDENTIFIER = com.strategicnerds.meetingnotifier;
				PRODUCT_NAME = MeetingNotifier;
				SDKROOT = macosx;
				SWIFT_STRICT_CONCURRENCY = targeted;
				SWIFT_VERSION = 6.0;
			};
			name = Debug;
		};
		7BB21A0465DCC9F4EDC5D3C8 /* Release */ = {
			isa = XCBuildConfiguration;
			buildSettings = {
				ALWAYS_SEARCH_USER_PATHS = NO;
				CLANG_ANALYZER_NONNULL = YES;
				CLANG_ANALYZER_NUMBER_OBJECT_CONVERSION = YES_AGGRESSIVE;
				CLANG_CXX_LANGUAGE_STANDARD = "gnu++14";
				CLANG_CXX_LIBRARY = "libc++";
				CLANG_ENABLE_MODULES = YES;
				CLANG_ENABLE_OBJC_ARC = YES;
				CLANG_ENABLE_OBJC_WEAK = YES;
				CLANG_WARN_BLOCK_CAPTURE_AUTORELEASING = YES;
				CLANG_WARN_BOOL_CONVERSION = YES;
				CLANG_WARN_COMMA = YES;
				CLANG_WARN_CONSTANT_CONVERSION = YES;
				CLANG_WARN_DEPRECATED_OBJC_IMPLEMENTATIONS = YES;
				CLANG_WARN_DIRECT_OBJC_ISA_USAGE = YES_ERROR;
				CLANG_WARN_DOCUMENTATION_COMMENTS = YES;
				CLANG_WARN_EMPTY_BODY = YES;
				CLANG_WARN_ENUM_CONVERSION = YES;
				CLANG_WARN_INFINITE_RECURSION = YES;
				CLANG_WARN_INT_CONVERSION = YES;
				CLANG_WARN_NON_LITERAL_NULL_CONVERSION = YES;
				CLANG_WARN_OBJC_IMPLICIT_RETAIN_SELF = YES;
				CLANG_WARN_OBJC_LITERAL_CONVERSION = YES;
				CLANG_WARN_OBJC_ROOT_CLASS = YES_ERROR;
				CLANG_WARN_QUOTED_INCLUDE_IN_FRAMEWORK_HEADER = YES;
				CLANG_WARN_RANGE_LOOP_ANALYSIS = YES;
				CLANG_WARN_STRICT_PROTOTYPES = YES;
				CLANG_WARN_SUSPICIOUS_MOVE = YES;
				CLANG_WARN_UNGUARDED_AVAILABILITY = YES_AGGRESSIVE;
				CLANG_WARN_UNREACHABLE_CODE = YES;
				CLANG_WARN__DUPLICATE_METHOD_MATCH = YES;
				COPY_PHASE_STRIP = NO;
				DEBUG_INFORMATION_FORMAT = "dwarf-with-dsym";
				ENABLE_NS_ASSERTIONS = NO;
				ENABLE_STRICT_OBJC_MSGSEND = YES;
				GCC_C_LANGUAGE_STANDARD = gnu11;
				GCC_NO_COMMON_BLOCKS = YES;
				GCC_WARN_64_TO_32_BIT_CONVERSION = YES;
				GCC_WARN_ABOUT_RETURN_TYPE = YES_ERROR;
				GCC_WARN_UNDECLARED_SELECTOR = YES;
				GCC_WARN_UNINITIALIZED_AUTOS = YES_AGGRESSIVE;
				GCC_WARN_UNUSED_FUNCTION = YES;
				GCC_WARN_UNUSED_VARIABLE = YES;
				MACOSX_DEPLOYMENT_TARGET = 26.0;
				MTL_ENABLE_DEBUG_INFO = NO;
				MTL_FAST_MATH = YES;
				PRODUCT_NAME = "$(TARGET_NAME)";
				SDKROOT = macosx;
				SWIFT_COMPILATION_MODE = wholemodule;
				SWIFT_OPTIMIZATION_LEVEL = "-O";
				SWIFT_VERSION = 5.0;
			};
			name = Release;
		};
		86BD988D80F01A751E19CA90 /* Release */ = {
			isa = XCBuildConfiguration;
			buildSettings = {
				BUNDLE_LOADER = "$(TEST_HOST)";
				CODE_SIGN_STYLE = Automatic;
				COMBINE_HIDPI_IMAGES = YES;
				DEVELOPMENT_TEAM = 955GSY56UT;
				GENERATE_INFOPLIST_FILE = YES;
				LD_RUNPATH_SEARCH_PATHS = (
					"$(inherited)",
					"@executable_path/../Frameworks",
					"@loader_path/../Frameworks",
				);
				MACOSX_DEPLOYMENT_TARGET = 26.0;
				PRODUCT_BUNDLE_IDENTIFIER = com.strategicnerds.MeetingNotifierTests;
				SDKROOT = macosx;
				SWIFT_VERSION = 6.0;
				TEST_HOST = "$(BUILT_PRODUCTS_DIR)/MeetingNotifier.app/Contents/MacOS/MeetingNotifier";
			};
			name = Release;
		};
		8F1720EA2F6D3F480017FC16 /* Debug */ = {
			isa = XCBuildConfiguration;
			buildSettings = {
				ASSETCATALOG_COMPILER_GENERATE_SWIFT_ASSET_SYMBOL_EXTENSIONS = YES;
				CLANG_CXX_LANGUAGE_STANDARD = "gnu++20";
				CODE_SIGN_STYLE = Automatic;
				CURRENT_PROJECT_VERSION = 1;
				DEVELOPMENT_TEAM = 955GSY56UT;
				ENABLE_USER_SCRIPT_SANDBOXING = YES;
				GCC_C_LANGUAGE_STANDARD = gnu17;
				GCC_PREPROCESSOR_DEFINITIONS = (
					"DEBUG=1",
					"$(inherited)",
				);
				GENERATE_INFOPLIST_FILE = YES;
				LOCALIZATION_PREFERS_STRING_CATALOGS = YES;
				MACOSX_DEPLOYMENT_TARGET = 26.2;
				MARKETING_VERSION = 1.0;
				PRODUCT_BUNDLE_IDENTIFIER = com.strategicnerds.MeetingNotifierUITests;
				PRODUCT_NAME = "$(TARGET_NAME)";
				STRING_CATALOG_GENERATE_SYMBOLS = NO;
				SWIFT_ACTIVE_COMPILATION_CONDITIONS = "DEBUG $(inherited)";
				SWIFT_APPROACHABLE_CONCURRENCY = YES;
				SWIFT_EMIT_LOC_STRINGS = NO;
				SWIFT_UPCOMING_FEATURE_MEMBER_IMPORT_VISIBILITY = YES;
				SWIFT_VERSION = 5.0;
				TEST_TARGET_NAME = MeetingNotifier;
			};
			name = Debug;
		};
		8F1720EB2F6D3F480017FC16 /* Release */ = {
			isa = XCBuildConfiguration;
			buildSettings = {
				ASSETCATALOG_COMPILER_GENERATE_SWIFT_ASSET_SYMBOL_EXTENSIONS = YES;
				CLANG_CXX_LANGUAGE_STANDARD = "gnu++20";
				CODE_SIGN_STYLE = Automatic;
				CURRENT_PROJECT_VERSION = 1;
				DEVELOPMENT_TEAM = 955GSY56UT;
				ENABLE_USER_SCRIPT_SANDBOXING = YES;
				GCC_C_LANGUAGE_STANDARD = gnu17;
				GENERATE_INFOPLIST_FILE = YES;
				LOCALIZATION_PREFERS_STRING_CATALOGS = YES;
				MACOSX_DEPLOYMENT_TARGET = 26.2;
				MARKETING_VERSION = 1.0;
				PRODUCT_BUNDLE_IDENTIFIER = com.strategicnerds.MeetingNotifierUITests;
				PRODUCT_NAME = "$(TARGET_NAME)";
				STRING_CATALOG_GENERATE_SYMBOLS = NO;
				SWIFT_APPROACHABLE_CONCURRENCY = YES;
				SWIFT_EMIT_LOC_STRINGS = NO;
				SWIFT_UPCOMING_FEATURE_MEMBER_IMPORT_VISIBILITY = YES;
				SWIFT_VERSION = 5.0;
				TEST_TARGET_NAME = MeetingNotifier;
			};
			name = Release;
		};
		AC82B7B647672940956E8DAF /* Debug */ = {
			isa = XCBuildConfiguration;
			buildSettings = {
				BUNDLE_LOADER = "$(TEST_HOST)";
				CODE_SIGN_STYLE = Automatic;
				COMBINE_HIDPI_IMAGES = YES;
				DEVELOPMENT_TEAM = 955GSY56UT;
				GENERATE_INFOPLIST_FILE = YES;
				LD_RUNPATH_SEARCH_PATHS = (
					"$(inherited)",
					"@executable_path/../Frameworks",
					"@loader_path/../Frameworks",
				);
				MACOSX_DEPLOYMENT_TARGET = 26.0;
				PRODUCT_BUNDLE_IDENTIFIER = com.strategicnerds.MeetingNotifierTests;
				SDKROOT = macosx;
				SWIFT_VERSION = 6.0;
				TEST_HOST = "$(BUILT_PRODUCTS_DIR)/MeetingNotifier.app/Contents/MacOS/MeetingNotifier";
			};
			name = Debug;
		};
		B226BBA5DD02FFB1145A86F3 /* Debug */ = {
			isa = XCBuildConfiguration;
			buildSettings = {
				ALWAYS_SEARCH_USER_PATHS = NO;
				CLANG_ANALYZER_NONNULL = YES;
				CLANG_ANALYZER_NUMBER_OBJECT_CONVERSION = YES_AGGRESSIVE;
				CLANG_CXX_LANGUAGE_STANDARD = "gnu++14";
				CLANG_CXX_LIBRARY = "libc++";
				CLANG_ENABLE_MODULES = YES;
				CLANG_ENABLE_OBJC_ARC = YES;
				CLANG_ENABLE_OBJC_WEAK = YES;
				CLANG_WARN_BLOCK_CAPTURE_AUTORELEASING = YES;
				CLANG_WARN_BOOL_CONVERSION = YES;
				CLANG_WARN_COMMA = YES;
				CLANG_WARN_CONSTANT_CONVERSION = YES;
				CLANG_WARN_DEPRECATED_OBJC_IMPLEMENTATIONS = YES;
				CLANG_WARN_DIRECT_OBJC_ISA_USAGE = YES_ERROR;
				CLANG_WARN_DOCUMENTATION_COMMENTS = YES;
				CLANG_WARN_EMPTY_BODY = YES;
				CLANG_WARN_ENUM_CONVERSION = YES;
				CLANG_WARN_INFINITE_RECURSION = YES;
				CLANG_WARN_INT_CONVERSION = YES;
				CLANG_WARN_NON_LITERAL_NULL_CONVERSION = YES;
				CLANG_WARN_OBJC_IMPLICIT_RETAIN_SELF = YES;
				CLANG_WARN_OBJC_LITERAL_CONVERSION = YES;
				CLANG_WARN_OBJC_ROOT_CLASS = YES_ERROR;
				CLANG_WARN_QUOTED_INCLUDE_IN_FRAMEWORK_HEADER = YES;
				CLANG_WARN_RANGE_LOOP_ANALYSIS = YES;
				CLANG_WARN_STRICT_PROTOTYPES = YES;
				CLANG_WARN_SUSPICIOUS_MOVE = YES;
				CLANG_WARN_UNGUARDED_AVAILABILITY = YES_AGGRESSIVE;
				CLANG_WARN_UNREACHABLE_CODE = YES;
				CLANG_WARN__DUPLICATE_METHOD_MATCH = YES;
				COPY_PHASE_STRIP = NO;
				DEBUG_INFORMATION_FORMAT = dwarf;
				ENABLE_STRICT_OBJC_MSGSEND = YES;
				ENABLE_TESTABILITY = YES;
				GCC_C_LANGUAGE_STANDARD = gnu11;
				GCC_DYNAMIC_NO_PIC = NO;
				GCC_NO_COMMON_BLOCKS = YES;
				GCC_OPTIMIZATION_LEVEL = 0;
				GCC_PREPROCESSOR_DEFINITIONS = (
					"$(inherited)",
					"DEBUG=1",
				);
				GCC_WARN_64_TO_32_BIT_CONVERSION = YES;
				GCC_WARN_ABOUT_RETURN_TYPE = YES_ERROR;
				GCC_WARN_UNDECLARED_SELECTOR = YES;
				GCC_WARN_UNINITIALIZED_AUTOS = YES_AGGRESSIVE;
				GCC_WARN_UNUSED_FUNCTION = YES;
				GCC_WARN_UNUSED_VARIABLE = YES;
				MACOSX_DEPLOYMENT_TARGET = 26.0;
				MTL_ENABLE_DEBUG_INFO = INCLUDE_SOURCE;
				MTL_FAST_MATH = YES;
				ONLY_ACTIVE_ARCH = YES;
				PRODUCT_NAME = "$(TARGET_NAME)";
				SDKROOT = macosx;
				SWIFT_ACTIVE_COMPILATION_CONDITIONS = DEBUG;
				SWIFT_OPTIMIZATION_LEVEL = "-Onone";
				SWIFT_VERSION = 5.0;
			};
			name = Debug;
		};
		F757E10BB14EF5FEFE12F6FB /* Release */ = {
			isa = XCBuildConfiguration;
			buildSettings = {
				ASSETCATALOG_COMPILER_APPICON_NAME = AppIcon;
				CODE_SIGN_ALLOW_ENTITLEMENTS_MODIFICATION = YES;
				CODE_SIGN_ENTITLEMENTS = MeetingNotifier/MeetingNotifier.entitlements;
				CODE_SIGN_STYLE = Automatic;
				COMBINE_HIDPI_IMAGES = YES;
				DEVELOPMENT_TEAM = 955GSY56UT;
				ENABLE_APP_INTENTS_METADATA_GENERATION = NO;
				ENABLE_HARDENED_RUNTIME = YES;
				INFOPLIST_FILE = MeetingNotifier/Info.plist;
				LD_RUNPATH_SEARCH_PATHS = (
					"$(inherited)",
					"@executable_path/../Frameworks",
				);
				MACOSX_DEPLOYMENT_TARGET = 26.0;
				OTHER_SWIFT_FLAGS = "-Xfrontend -disable-dynamic-actor-isolation";
				PRODUCT_BUNDLE_IDENTIFIER = com.strategicnerds.meetingnotifier;
				PRODUCT_NAME = MeetingNotifier;
				SDKROOT = macosx;
				SWIFT_STRICT_CONCURRENCY = targeted;
				SWIFT_VERSION = 6.0;
			};
			name = Release;
		};
/* End XCBuildConfiguration section */

/* Begin XCConfigurationList section */
		8F1720EC2F6D3F480017FC16 /* Build configuration list for PBXNativeTarget "MeetingNotifierUITests" */ = {
			isa = XCConfigurationList;
			buildConfigurations = (
				8F1720EA2F6D3F480017FC16 /* Debug */,
				8F1720EB2F6D3F480017FC16 /* Release */,
			);
			defaultConfigurationIsVisible = 0;
			defaultConfigurationName = Debug;
		};
		A7DDA197286FD77096837545 /* Build configuration list for PBXNativeTarget "MeetingNotifierTests" */ = {
			isa = XCConfigurationList;
			buildConfigurations = (
				AC82B7B647672940956E8DAF /* Debug */,
				86BD988D80F01A751E19CA90 /* Release */,
			);
			defaultConfigurationIsVisible = 0;
			defaultConfigurationName = Debug;
		};
		F2AD3838AFF53434D8296DF0 /* Build configuration list for PBXNativeTarget "MeetingNotifier" */ = {
			isa = XCConfigurationList;
			buildConfigurations = (
				4F6630351C823A0D57077BDA /* Debug */,
				F757E10BB14EF5FEFE12F6FB /* Release */,
			);
			defaultConfigurationIsVisible = 0;
			defaultConfigurationName = Debug;
		};
		F9766BF38D4DDEE805BCF867 /* Build configuration list for PBXProject "MeetingNotifier" */ = {
			isa = XCConfigurationList;
			buildConfigurations = (
				B226BBA5DD02FFB1145A86F3 /* Debug */,
				7BB21A0465DCC9F4EDC5D3C8 /* Release */,
			);
			defaultConfigurationIsVisible = 0;
			defaultConfigurationName = Debug;
		};
/* End XCConfigurationList section */

/* Begin XCRemoteSwiftPackageReference section */
		1B5ED245660DF698EB59539A /* XCRemoteSwiftPackageReference "AppAuth-iOS" */ = {
			isa = XCRemoteSwiftPackageReference;
			repositoryURL = "https://github.com/openid/AppAuth-iOS";
			requirement = {
				kind = upToNextMajorVersion;
				minimumVersion = 1.6.0;
			};
		};
/* End XCRemoteSwiftPackageReference section */

/* Begin XCSwiftPackageProductDependency section */
		B71D4203DD432764F0184D4C /* AppAuth */ = {
			isa = XCSwiftPackageProductDependency;
			package = 1B5ED245660DF698EB59539A /* XCRemoteSwiftPackageReference "AppAuth-iOS" */;
			productName = AppAuth;
		};
/* End XCSwiftPackageProductDependency section */
	};
	rootObject = 17336271D4CBF7612B3F308C /* Project object */;
}
